// !$*UTF8*$!
{
	archiveVersion = 1;
	classes = {
	};
	objectVersion = 46;
	objects = {

/* Begin PBXBuildFile section */
		2166E45B1BB6721100869967 /* NSLayoutConstraint+SWAutoLayout.m in Sources */ = {isa = PBXBuildFile; fileRef = 2166E45A1BB6721100869967 /* NSLayoutConstraint+SWAutoLayout.m */; };
		217370531BAD2E8600366B5D /* main.m in Sources */ = {isa = PBXBuildFile; fileRef = 217370521BAD2E8600366B5D /* main.m */; };
		217370561BAD2E8600366B5D /* AppDelegate.m in Sources */ = {isa = PBXBuildFile; fileRef = 217370551BAD2E8600366B5D /* AppDelegate.m */; };
		217370591BAD2E8600366B5D /* MasterViewController.m in Sources */ = {isa = PBXBuildFile; fileRef = 217370581BAD2E8600366B5D /* MasterViewController.m */; };
		2173705C1BAD2E8600366B5D /* DetailViewController.m in Sources */ = {isa = PBXBuildFile; fileRef = 2173705B1BAD2E8600366B5D /* DetailViewController.m */; };
		2173705F1BAD2E8600366B5D /* Main.storyboard in Resources */ = {isa = PBXBuildFile; fileRef = 2173705D1BAD2E8600366B5D /* Main.storyboard */; };
		217370611BAD2E8600366B5D /* Images.xcassets in Resources */ = {isa = PBXBuildFile; fileRef = 217370601BAD2E8600366B5D /* Images.xcassets */; };
		217370641BAD2E8600366B5D /* LaunchScreen.xib in Resources */ = {isa = PBXBuildFile; fileRef = 217370621BAD2E8600366B5D /* LaunchScreen.xib */; };
		217370801BAD2EDE00366B5D /* AutoLayoutVisualFormatLib.h in CopyFiles */ = {isa = PBXBuildFile; fileRef = 2173707F1BAD2EDE00366B5D /* AutoLayoutVisualFormatLib.h */; };
		217370821BAD2EDE00366B5D /* AutoLayoutVisualFormatLib.m in Sources */ = {isa = PBXBuildFile; fileRef = 217370811BAD2EDE00366B5D /* AutoLayoutVisualFormatLib.m */; };
		217370961BAD632000366B5D /* NSArray+SWAutoLayout.m in Sources */ = {isa = PBXBuildFile; fileRef = 217370951BAD632000366B5D /* NSArray+SWAutoLayout.m */; };
		217370991BAD633400366B5D /* NSDictionary+SWAutoLayout.m in Sources */ = {isa = PBXBuildFile; fileRef = 217370981BAD633400366B5D /* NSDictionary+SWAutoLayout.m */; };
		2173709C1BAD637800366B5D /* AutoLayoutFormatAnalyzer.m in Sources */ = {isa = PBXBuildFile; fileRef = 2173709B1BAD637800366B5D /* AutoLayoutFormatAnalyzer.m */; };
		218CF9951BB406EB00CA470C /* UIView+SWAutoLayout.m in Sources */ = {isa = PBXBuildFile; fileRef = 218CF9941BB406EB00CA470C /* UIView+SWAutoLayout.m */; };
		21C6C9D11BAF902E007B6F58 /* libAutoLayoutVisualFormat.a in Frameworks */ = {isa = PBXBuildFile; fileRef = 2173707D1BAD2EDE00366B5D /* libAutoLayoutVisualFormat.a */; };
		21F88EA41BB2D95A008AFDDB /* AppDelegate.swift in Sources */ = {isa = PBXBuildFile; fileRef = 21F88EA31BB2D95A008AFDDB /* AppDelegate.swift */; };
		21F88EA61BB2D95A008AFDDB /* MasterViewController.swift in Sources */ = {isa = PBXBuildFile; fileRef = 21F88EA51BB2D95A008AFDDB /* MasterViewController.swift */; };
		21F88EA81BB2D95A008AFDDB /* DetailViewController.swift in Sources */ = {isa = PBXBuildFile; fileRef = 21F88EA71BB2D95A008AFDDB /* DetailViewController.swift */; };
		21F88EAB1BB2D95A008AFDDB /* Main.storyboard in Resources */ = {isa = PBXBuildFile; fileRef = 21F88EA91BB2D95A008AFDDB /* Main.storyboard */; };
		21F88EAD1BB2D95A008AFDDB /* Assets.xcassets in Resources */ = {isa = PBXBuildFile; fileRef = 21F88EAC1BB2D95A008AFDDB /* Assets.xcassets */; };
		21F88EB01BB2D95A008AFDDB /* LaunchScreen.storyboard in Resources */ = {isa = PBXBuildFile; fileRef = 21F88EAE1BB2D95A008AFDDB /* LaunchScreen.storyboard */; };
		21F88EB71BB2D9BC008AFDDB /* libAutoLayoutVisualFormat.a in Frameworks */ = {isa = PBXBuildFile; fileRef = 2173707D1BAD2EDE00366B5D /* libAutoLayoutVisualFormat.a */; };
/* End PBXBuildFile section */

/* Begin PBXContainerItemProxy section */
		2173709D1BAD6ECE00366B5D /* PBXContainerItemProxy */ = {
			isa = PBXContainerItemProxy;
			containerPortal = 217370451BAD2E8600366B5D /* Project object */;
			proxyType = 1;
			remoteGlobalIDString = 2173707C1BAD2EDE00366B5D;
			remoteInfo = AutoLayoutVisualFormatLib;
		};
		21F88EB51BB2D9B8008AFDDB /* PBXContainerItemProxy */ = {
			isa = PBXContainerItemProxy;
			containerPortal = 217370451BAD2E8600366B5D /* Project object */;
			proxyType = 1;
			remoteGlobalIDString = 2173707C1BAD2EDE00366B5D;
			remoteInfo = AutoLayoutVisualFormat;
		};
/* End PBXContainerItemProxy section */

/* Begin PBXCopyFilesBuildPhase section */
		2173707B1BAD2EDE00366B5D /* CopyFiles */ = {
			isa = PBXCopyFilesBuildPhase;
			buildActionMask = 2147483647;
			dstPath = "include/$(PRODUCT_NAME)";
			dstSubfolderSpec = 16;
			files = (
				217370801BAD2EDE00366B5D /* AutoLayoutVisualFormatLib.h in CopyFiles */,
			);
			runOnlyForDeploymentPostprocessing = 0;
		};
		21F2126E1BB3875D00344FE6 /* Embed Frameworks */ = {
			isa = PBXCopyFilesBuildPhase;
			buildActionMask = 2147483647;
			dstPath = "";
			dstSubfolderSpec = 10;
			files = (
			);
			name = "Embed Frameworks";
			runOnlyForDeploymentPostprocessing = 0;
		};
/* End PBXCopyFilesBuildPhase section */

/* Begin PBXFileReference section */
		2166E4591BB6721100869967 /* NSLayoutConstraint+SWAutoLayout.h */ = {isa = PBXFileReference; fileEncoding = 4; lastKnownFileType = sourcecode.c.h; path = "NSLayoutConstraint+SWAutoLayout.h"; sourceTree = "<group>"; };
		2166E45A1BB6721100869967 /* NSLayoutConstraint+SWAutoLayout.m */ = {isa = PBXFileReference; fileEncoding = 4; lastKnownFileType = sourcecode.c.objc; path = "NSLayoutConstraint+SWAutoLayout.m"; sourceTree = "<group>"; };
		2173704D1BAD2E8600366B5D /* AutoLayoutVisualFormatExample.app */ = {isa = PBXFileReference; explicitFileType = wrapper.application; includeInIndex = 0; path = AutoLayoutVisualFormatExample.app; sourceTree = BUILT_PRODUCTS_DIR; };
		217370511BAD2E8600366B5D /* Info.plist */ = {isa = PBXFileReference; lastKnownFileType = text.plist.xml; path = Info.plist; sourceTree = "<group>"; };
		217370521BAD2E8600366B5D /* main.m */ = {isa = PBXFileReference; lastKnownFileType = sourcecode.c.objc; path = main.m; sourceTree = "<group>"; };
		217370541BAD2E8600366B5D /* AppDelegate.h */ = {isa = PBXFileReference; lastKnownFileType = sourcecode.c.h; path = AppDelegate.h; sourceTree = "<group>"; };
		217370551BAD2E8600366B5D /* AppDelegate.m */ = {isa = PBXFileReference; lastKnownFileType = sourcecode.c.objc; path = AppDelegate.m; sourceTree = "<group>"; };
		217370571BAD2E8600366B5D /* MasterViewController.h */ = {isa = PBXFileReference; lastKnownFileType = sourcecode.c.h; path = MasterViewController.h; sourceTree = "<group>"; };
		217370581BAD2E8600366B5D /* MasterViewController.m */ = {isa = PBXFileReference; lastKnownFileType = sourcecode.c.objc; path = MasterViewController.m; sourceTree = "<group>"; };
		2173705A1BAD2E8600366B5D /* DetailViewController.h */ = {isa = PBXFileReference; lastKnownFileType = sourcecode.c.h; path = DetailViewController.h; sourceTree = "<group>"; };
		2173705B1BAD2E8600366B5D /* DetailViewController.m */ = {isa = PBXFileReference; lastKnownFileType = sourcecode.c.objc; path = DetailViewController.m; sourceTree = "<group>"; };
		2173705E1BAD2E8600366B5D /* Base */ = {isa = PBXFileReference; lastKnownFileType = file.storyboard; name = Base; path = Base.lproj/Main.storyboard; sourceTree = "<group>"; };
		217370601BAD2E8600366B5D /* Images.xcassets */ = {isa = PBXFileReference; lastKnownFileType = folder.assetcatalog; path = Images.xcassets; sourceTree = "<group>"; };
		217370631BAD2E8600366B5D /* Base */ = {isa = PBXFileReference; lastKnownFileType = file.xib; name = Base; path = Base.lproj/LaunchScreen.xib; sourceTree = "<group>"; };
		2173707D1BAD2EDE00366B5D /* libAutoLayoutVisualFormat.a */ = {isa = PBXFileReference; explicitFileType = archive.ar; includeInIndex = 0; path = libAutoLayoutVisualFormat.a; sourceTree = BUILT_PRODUCTS_DIR; };
		2173707F1BAD2EDE00366B5D /* AutoLayoutVisualFormatLib.h */ = {isa = PBXFileReference; lastKnownFileType = sourcecode.c.h; path = AutoLayoutVisualFormatLib.h; sourceTree = "<group>"; };
		217370811BAD2EDE00366B5D /* AutoLayoutVisualFormatLib.m */ = {isa = PBXFileReference; lastKnownFileType = sourcecode.c.objc; path = AutoLayoutVisualFormatLib.m; sourceTree = "<group>"; };
		217370941BAD632000366B5D /* NSArray+SWAutoLayout.h */ = {isa = PBXFileReference; fileEncoding = 4; lastKnownFileType = sourcecode.c.h; path = "NSArray+SWAutoLayout.h"; sourceTree = "<group>"; };
		217370951BAD632000366B5D /* NSArray+SWAutoLayout.m */ = {isa = PBXFileReference; fileEncoding = 4; lastKnownFileType = sourcecode.c.objc; path = "NSArray+SWAutoLayout.m"; sourceTree = "<group>"; };
		217370971BAD633400366B5D /* NSDictionary+SWAutoLayout.h */ = {isa = PBXFileReference; fileEncoding = 4; lastKnownFileType = sourcecode.c.h; path = "NSDictionary+SWAutoLayout.h"; sourceTree = "<group>"; };
		217370981BAD633400366B5D /* NSDictionary+SWAutoLayout.m */ = {isa = PBXFileReference; fileEncoding = 4; lastKnownFileType = sourcecode.c.objc; path = "NSDictionary+SWAutoLayout.m"; sourceTree = "<group>"; };
		2173709A1BAD637800366B5D /* AutoLayoutFormatAnalyzer.h */ = {isa = PBXFileReference; fileEncoding = 4; lastKnownFileType = sourcecode.c.h; path = AutoLayoutFormatAnalyzer.h; sourceTree = "<group>"; };
		2173709B1BAD637800366B5D /* AutoLayoutFormatAnalyzer.m */ = {isa = PBXFileReference; fileEncoding = 4; lastKnownFileType = sourcecode.c.objc; path = AutoLayoutFormatAnalyzer.m; sourceTree = "<group>"; };
		218CF9931BB406EB00CA470C /* UIView+SWAutoLayout.h */ = {isa = PBXFileReference; fileEncoding = 4; lastKnownFileType = sourcecode.c.h; path = "UIView+SWAutoLayout.h"; sourceTree = "<group>"; };
		218CF9941BB406EB00CA470C /* UIView+SWAutoLayout.m */ = {isa = PBXFileReference; fileEncoding = 4; lastKnownFileType = sourcecode.c.objc; path = "UIView+SWAutoLayout.m"; sourceTree = "<group>"; };
		21F88EA11BB2D95A008AFDDB /* AutoLayoutSwiftExample.app */ = {isa = PBXFileReference; explicitFileType = wrapper.application; includeInIndex = 0; path = AutoLayoutSwiftExample.app; sourceTree = BUILT_PRODUCTS_DIR; };
		21F88EA31BB2D95A008AFDDB /* AppDelegate.swift */ = {isa = PBXFileReference; lastKnownFileType = sourcecode.swift; path = AppDelegate.swift; sourceTree = "<group>"; };
		21F88EA51BB2D95A008AFDDB /* MasterViewController.swift */ = {isa = PBXFileReference; lastKnownFileType = sourcecode.swift; path = MasterViewController.swift; sourceTree = "<group>"; };
		21F88EA71BB2D95A008AFDDB /* DetailViewController.swift */ = {isa = PBXFileReference; lastKnownFileType = sourcecode.swift; path = DetailViewController.swift; sourceTree = "<group>"; };
		21F88EAA1BB2D95A008AFDDB /* Base */ = {isa = PBXFileReference; lastKnownFileType = file.storyboard; name = Base; path = Base.lproj/Main.storyboard; sourceTree = "<group>"; };
		21F88EAC1BB2D95A008AFDDB /* Assets.xcassets */ = {isa = PBXFileReference; lastKnownFileType = folder.assetcatalog; path = Assets.xcassets; sourceTree = "<group>"; };
		21F88EAF1BB2D95A008AFDDB /* Base */ = {isa = PBXFileReference; lastKnownFileType = file.storyboard; name = Base; path = Base.lproj/LaunchScreen.storyboard; sourceTree = "<group>"; };
		21F88EB11BB2D95A008AFDDB /* Info.plist */ = {isa = PBXFileReference; lastKnownFileType = text.plist.xml; path = Info.plist; sourceTree = "<group>"; };
		21F88EB81BB2EE04008AFDDB /* AutoLayoutSwiftExample-Bridging-Header.h */ = {isa = PBXFileReference; lastKnownFileType = sourcecode.c.h; path = "AutoLayoutSwiftExample-Bridging-Header.h"; sourceTree = "<group>"; };
/* End PBXFileReference section */

/* Begin PBXFrameworksBuildPhase section */
		2173704A1BAD2E8600366B5D /* Frameworks */ = {
			isa = PBXFrameworksBuildPhase;
			buildActionMask = 2147483647;
			files = (
				21C6C9D11BAF902E007B6F58 /* libAutoLayoutVisualFormat.a in Frameworks */,
			);
			runOnlyForDeploymentPostprocessing = 0;
		};
		2173707A1BAD2EDE00366B5D /* Frameworks */ = {
			isa = PBXFrameworksBuildPhase;
			buildActionMask = 2147483647;
			files = (
			);
			runOnlyForDeploymentPostprocessing = 0;
		};
		21F88E9E1BB2D95A008AFDDB /* Frameworks */ = {
			isa = PBXFrameworksBuildPhase;
			buildActionMask = 2147483647;
			files = (
				21F88EB71BB2D9BC008AFDDB /* libAutoLayoutVisualFormat.a in Frameworks */,
			);
			runOnlyForDeploymentPostprocessing = 0;
		};
/* End PBXFrameworksBuildPhase section */

/* Begin PBXGroup section */
		217370441BAD2E8600366B5D = {
			isa = PBXGroup;
			children = (
				2173704F1BAD2E8600366B5D /* AutoLayoutVisualFormatExample */,
				2173707E1BAD2EDE00366B5D /* AutoLayoutVisualFormat */,
				21F88EA21BB2D95A008AFDDB /* AutoLayoutSwiftExample */,
				2173704E1BAD2E8600366B5D /* Products */,
			);
			sourceTree = "<group>";
		};
		2173704E1BAD2E8600366B5D /* Products */ = {
			isa = PBXGroup;
			children = (
				2173704D1BAD2E8600366B5D /* AutoLayoutVisualFormatExample.app */,
				2173707D1BAD2EDE00366B5D /* libAutoLayoutVisualFormat.a */,
				21F88EA11BB2D95A008AFDDB /* AutoLayoutSwiftExample.app */,
			);
			name = Products;
			sourceTree = "<group>";
		};
		2173704F1BAD2E8600366B5D /* AutoLayoutVisualFormatExample */ = {
			isa = PBXGroup;
			children = (
				217370541BAD2E8600366B5D /* AppDelegate.h */,
				217370551BAD2E8600366B5D /* AppDelegate.m */,
				217370571BAD2E8600366B5D /* MasterViewController.h */,
				217370581BAD2E8600366B5D /* MasterViewController.m */,
				2173705A1BAD2E8600366B5D /* DetailViewController.h */,
				2173705B1BAD2E8600366B5D /* DetailViewController.m */,
				2173705D1BAD2E8600366B5D /* Main.storyboard */,
				217370601BAD2E8600366B5D /* Images.xcassets */,
				217370621BAD2E8600366B5D /* LaunchScreen.xib */,
				217370501BAD2E8600366B5D /* Supporting Files */,
			);
			path = AutoLayoutVisualFormatExample;
			sourceTree = "<group>";
		};
		217370501BAD2E8600366B5D /* Supporting Files */ = {
			isa = PBXGroup;
			children = (
				217370511BAD2E8600366B5D /* Info.plist */,
				217370521BAD2E8600366B5D /* main.m */,
			);
			name = "Supporting Files";
			sourceTree = "<group>";
		};
		2173707E1BAD2EDE00366B5D /* AutoLayoutVisualFormat */ = {
			isa = PBXGroup;
			children = (
				2173707F1BAD2EDE00366B5D /* AutoLayoutVisualFormatLib.h */,
				217370811BAD2EDE00366B5D /* AutoLayoutVisualFormatLib.m */,
				217370941BAD632000366B5D /* NSArray+SWAutoLayout.h */,
				217370951BAD632000366B5D /* NSArray+SWAutoLayout.m */,
				217370971BAD633400366B5D /* NSDictionary+SWAutoLayout.h */,
				217370981BAD633400366B5D /* NSDictionary+SWAutoLayout.m */,
				2173709A1BAD637800366B5D /* AutoLayoutFormatAnalyzer.h */,
				2173709B1BAD637800366B5D /* AutoLayoutFormatAnalyzer.m */,
				218CF9931BB406EB00CA470C /* UIView+SWAutoLayout.h */,
				218CF9941BB406EB00CA470C /* UIView+SWAutoLayout.m */,
				2166E4591BB6721100869967 /* NSLayoutConstraint+SWAutoLayout.h */,
				2166E45A1BB6721100869967 /* NSLayoutConstraint+SWAutoLayout.m */,
			);
			path = AutoLayoutVisualFormat;
			sourceTree = "<group>";
		};
		21F88EA21BB2D95A008AFDDB /* AutoLayoutSwiftExample */ = {
			isa = PBXGroup;
			children = (
				21F88EA31BB2D95A008AFDDB /* AppDelegate.swift */,
				21F88EA51BB2D95A008AFDDB /* MasterViewController.swift */,
				21F88EA71BB2D95A008AFDDB /* DetailViewController.swift */,
				21F88EA91BB2D95A008AFDDB /* Main.storyboard */,
				21F88EAC1BB2D95A008AFDDB /* Assets.xcassets */,
				21F88EAE1BB2D95A008AFDDB /* LaunchScreen.storyboard */,
				21F88EB11BB2D95A008AFDDB /* Info.plist */,
				21F88EB81BB2EE04008AFDDB /* AutoLayoutSwiftExample-Bridging-Header.h */,
			);
			path = AutoLayoutSwiftExample;
			sourceTree = "<group>";
		};
/* End PBXGroup section */

/* Begin PBXNativeTarget section */
		2173704C1BAD2E8600366B5D /* AutoLayoutVisualFormatExample */ = {
			isa = PBXNativeTarget;
			buildConfigurationList = 217370731BAD2E8600366B5D /* Build configuration list for PBXNativeTarget "AutoLayoutVisualFormatExample" */;
			buildPhases = (
				217370491BAD2E8600366B5D /* Sources */,
				2173704A1BAD2E8600366B5D /* Frameworks */,
				2173704B1BAD2E8600366B5D /* Resources */,
			);
			buildRules = (
			);
			dependencies = (
				2173709E1BAD6ECE00366B5D /* PBXTargetDependency */,
			);
			name = AutoLayoutVisualFormatExample;
			productName = AutoLayoutVisualFormat;
			productReference = 2173704D1BAD2E8600366B5D /* AutoLayoutVisualFormatExample.app */;
			productType = "com.apple.product-type.application";
		};
		2173707C1BAD2EDE00366B5D /* AutoLayoutVisualFormat */ = {
			isa = PBXNativeTarget;
			buildConfigurationList = 2173708E1BAD2EDF00366B5D /* Build configuration list for PBXNativeTarget "AutoLayoutVisualFormat" */;
			buildPhases = (
				217370791BAD2EDE00366B5D /* Sources */,
				2173707A1BAD2EDE00366B5D /* Frameworks */,
				2173707B1BAD2EDE00366B5D /* CopyFiles */,
			);
			buildRules = (
			);
			dependencies = (
			);
			name = AutoLayoutVisualFormat;
			productName = AutoLayoutVisualFormatLib;
			productReference = 2173707D1BAD2EDE00366B5D /* libAutoLayoutVisualFormat.a */;
			productType = "com.apple.product-type.library.static";
		};
		21F88EA01BB2D95A008AFDDB /* AutoLayoutSwiftExample */ = {
			isa = PBXNativeTarget;
			buildConfigurationList = 21F88EB21BB2D95A008AFDDB /* Build configuration list for PBXNativeTarget "AutoLayoutSwiftExample" */;
			buildPhases = (
				21F88E9D1BB2D95A008AFDDB /* Sources */,
				21F88E9E1BB2D95A008AFDDB /* Frameworks */,
				21F88E9F1BB2D95A008AFDDB /* Resources */,
				21F2126E1BB3875D00344FE6 /* Embed Frameworks */,
			);
			buildRules = (
			);
			dependencies = (
				21F88EB61BB2D9B8008AFDDB /* PBXTargetDependency */,
			);
			name = AutoLayoutSwiftExample;
			productName = AutoLayoutSwiftExample;
			productReference = 21F88EA11BB2D95A008AFDDB /* AutoLayoutSwiftExample.app */;
			productType = "com.apple.product-type.application";
		};
/* End PBXNativeTarget section */

/* Begin PBXProject section */
		217370451BAD2E8600366B5D /* Project object */ = {
			isa = PBXProject;
			attributes = {
				KnownAssetTags = (
					New,
				);
				LastSwiftUpdateCheck = 0700;
				LastUpgradeCheck = 0640;
				ORGANIZATIONNAME = SW;
				TargetAttributes = {
					2173704C1BAD2E8600366B5D = {
						CreatedOnToolsVersion = 6.4;
					};
					2173707C1BAD2EDE00366B5D = {
						CreatedOnToolsVersion = 6.4;
					};
					21F88EA01BB2D95A008AFDDB = {
						CreatedOnToolsVersion = 7.0;
					};
				};
			};
			buildConfigurationList = 217370481BAD2E8600366B5D /* Build configuration list for PBXProject "AutoLayoutVisualFormat" */;
			compatibilityVersion = "Xcode 3.2";
			developmentRegion = English;
			hasScannedForEncodings = 0;
			knownRegions = (
				en,
				Base,
			);
			mainGroup = 217370441BAD2E8600366B5D;
			productRefGroup = 2173704E1BAD2E8600366B5D /* Products */;
			projectDirPath = "";
			projectRoot = "";
			targets = (
				2173704C1BAD2E8600366B5D /* AutoLayoutVisualFormatExample */,
				2173707C1BAD2EDE00366B5D /* AutoLayoutVisualFormat */,
				21F88EA01BB2D95A008AFDDB /* AutoLayoutSwiftExample */,
			);
		};
/* End PBXProject section */

/* Begin PBXResourcesBuildPhase section */
		2173704B1BAD2E8600366B5D /* Resources */ = {
			isa = PBXResourcesBuildPhase;
			buildActionMask = 2147483647;
			files = (
				2173705F1BAD2E8600366B5D /* Main.storyboard in Resources */,
				217370641BAD2E8600366B5D /* LaunchScreen.xib in Resources */,
				217370611BAD2E8600366B5D /* Images.xcassets in Resources */,
			);
			runOnlyForDeploymentPostprocessing = 0;
		};
		21F88E9F1BB2D95A008AFDDB /* Resources */ = {
			isa = PBXResourcesBuildPhase;
			buildActionMask = 2147483647;
			files = (
				21F88EB01BB2D95A008AFDDB /* LaunchScreen.storyboard in Resources */,
				21F88EAD1BB2D95A008AFDDB /* Assets.xcassets in Resources */,
				21F88EAB1BB2D95A008AFDDB /* Main.storyboard in Resources */,
			);
			runOnlyForDeploymentPostprocessing = 0;
		};
/* End PBXResourcesBuildPhase section */

/* Begin PBXSourcesBuildPhase section */
		217370491BAD2E8600366B5D /* Sources */ = {
			isa = PBXSourcesBuildPhase;
			buildActionMask = 2147483647;
			files = (
				217370561BAD2E8600366B5D /* AppDelegate.m in Sources */,
				217370591BAD2E8600366B5D /* MasterViewController.m in Sources */,
				217370531BAD2E8600366B5D /* main.m in Sources */,
				2173705C1BAD2E8600366B5D /* DetailViewController.m in Sources */,
			);
			runOnlyForDeploymentPostprocessing = 0;
		};
		217370791BAD2EDE00366B5D /* Sources */ = {
			isa = PBXSourcesBuildPhase;
			buildActionMask = 2147483647;
			files = (
				217370991BAD633400366B5D /* NSDictionary+SWAutoLayout.m in Sources */,
				217370821BAD2EDE00366B5D /* AutoLayoutVisualFormatLib.m in Sources */,
				217370961BAD632000366B5D /* NSArray+SWAutoLayout.m in Sources */,
				218CF9951BB406EB00CA470C /* UIView+SWAutoLayout.m in Sources */,
				2166E45B1BB6721100869967 /* NSLayoutConstraint+SWAutoLayout.m in Sources */,
				2173709C1BAD637800366B5D /* AutoLayoutFormatAnalyzer.m in Sources */,
			);
			runOnlyForDeploymentPostprocessing = 0;
		};
		21F88E9D1BB2D95A008AFDDB /* Sources */ = {
			isa = PBXSourcesBuildPhase;
			buildActionMask = 2147483647;
			files = (
				21F88EA81BB2D95A008AFDDB /* DetailViewController.swift in Sources */,
				21F88EA61BB2D95A008AFDDB /* MasterViewController.swift in Sources */,
				21F88EA41BB2D95A008AFDDB /* AppDelegate.swift in Sources */,
			);
			runOnlyForDeploymentPostprocessing = 0;
		};
/* End PBXSourcesBuildPhase section */

/* Begin PBXTargetDependency section */
		2173709E1BAD6ECE00366B5D /* PBXTargetDependency */ = {
			isa = PBXTargetDependency;
			target = 2173707C1BAD2EDE00366B5D /* AutoLayoutVisualFormat */;
			targetProxy = 2173709D1BAD6ECE00366B5D /* PBXContainerItemProxy */;
		};
		21F88EB61BB2D9B8008AFDDB /* PBXTargetDependency */ = {
			isa = PBXTargetDependency;
			target = 2173707C1BAD2EDE00366B5D /* AutoLayoutVisualFormat */;
			targetProxy = 21F88EB51BB2D9B8008AFDDB /* PBXContainerItemProxy */;
		};
/* End PBXTargetDependency section */

/* Begin PBXVariantGroup section */
		2173705D1BAD2E8600366B5D /* Main.storyboard */ = {
			isa = PBXVariantGroup;
			children = (
				2173705E1BAD2E8600366B5D /* Base */,
			);
			name = Main.storyboard;
			sourceTree = "<group>";
		};
		217370621BAD2E8600366B5D /* LaunchScreen.xib */ = {
			isa = PBXVariantGroup;
			children = (
				217370631BAD2E8600366B5D /* Base */,
			);
			name = LaunchScreen.xib;
			sourceTree = "<group>";
		};
		21F88EA91BB2D95A008AFDDB /* Main.storyboard */ = {
			isa = PBXVariantGroup;
			children = (
				21F88EAA1BB2D95A008AFDDB /* Base */,
			);
			name = Main.storyboard;
			sourceTree = "<group>";
		};
		21F88EAE1BB2D95A008AFDDB /* LaunchScreen.storyboard */ = {
			isa = PBXVariantGroup;
			children = (
				21F88EAF1BB2D95A008AFDDB /* Base */,
			);
			name = LaunchScreen.storyboard;
			sourceTree = "<group>";
		};
/* End PBXVariantGroup section */

/* Begin XCBuildConfiguration section */
		217370711BAD2E8600366B5D /* Debug */ = {
			isa = XCBuildConfiguration;
			buildSettings = {
				ALWAYS_SEARCH_USER_PATHS = NO;
				CLANG_CXX_LANGUAGE_STANDARD = "gnu++0x";
				CLANG_CXX_LIBRARY = "libc++";
				CLANG_ENABLE_MODULES = YES;
				CLANG_ENABLE_OBJC_ARC = YES;
				CLANG_WARN_BOOL_CONVERSION = YES;
				CLANG_WARN_CONSTANT_CONVERSION = YES;
				CLANG_WARN_DIRECT_OBJC_ISA_USAGE = YES_ERROR;
				CLANG_WARN_EMPTY_BODY = YES;
				CLANG_WARN_ENUM_CONVERSION = YES;
				CLANG_WARN_INT_CONVERSION = YES;
				CLANG_WARN_OBJC_ROOT_CLASS = YES_ERROR;
				CLANG_WARN_UNREACHABLE_CODE = YES;
				CLANG_WARN__DUPLICATE_METHOD_MATCH = YES;
				"CODE_SIGN_IDENTITY[sdk=iphoneos*]" = "iPhone Developer";
				COPY_PHASE_STRIP = NO;
				DEBUG_INFORMATION_FORMAT = dwarf;
				ENABLE_STRICT_OBJC_MSGSEND = YES;
				GCC_C_LANGUAGE_STANDARD = gnu99;
				GCC_DYNAMIC_NO_PIC = NO;
				GCC_NO_COMMON_BLOCKS = YES;
				GCC_OPTIMIZATION_LEVEL = 0;
				GCC_PREPROCESSOR_DEFINITIONS = (
					"DEBUG=1",
					"$(inherited)",
				);
				GCC_SYMBOLS_PRIVATE_EXTERN = NO;
				GCC_WARN_64_TO_32_BIT_CONVERSION = YES;
				GCC_WARN_ABOUT_RETURN_TYPE = YES_ERROR;
				GCC_WARN_UNDECLARED_SELECTOR = YES;
				GCC_WARN_UNINITIALIZED_AUTOS = YES_AGGRESSIVE;
				GCC_WARN_UNUSED_FUNCTION = YES;
				GCC_WARN_UNUSED_VARIABLE = YES;
				IPHONEOS_DEPLOYMENT_TARGET = 6.0;
				MTL_ENABLE_DEBUG_INFO = YES;
				ONLY_ACTIVE_ARCH = YES;
				SDKROOT = iphoneos;
				TARGETED_DEVICE_FAMILY = "1,2";
			};
			name = Debug;
		};
		217370721BAD2E8600366B5D /* Release */ = {
			isa = XCBuildConfiguration;
			buildSettings = {
				ALWAYS_SEARCH_USER_PATHS = NO;
				CLANG_CXX_LANGUAGE_STANDARD = "gnu++0x";
				CLANG_CXX_LIBRARY = "libc++";
				CLANG_ENABLE_MODULES = YES;
				CLANG_ENABLE_OBJC_ARC = YES;
				CLANG_WARN_BOOL_CONVERSION = YES;
				CLANG_WARN_CONSTANT_CONVERSION = YES;
				CLANG_WARN_DIRECT_OBJC_ISA_USAGE = YES_ERROR;
				CLANG_WARN_EMPTY_BODY = YES;
				CLANG_WARN_ENUM_CONVERSION = YES;
				CLANG_WARN_INT_CONVERSION = YES;
				CLANG_WARN_OBJC_ROOT_CLASS = YES_ERROR;
				CLANG_WARN_UNREACHABLE_CODE = YES;
				CLANG_WARN__DUPLICATE_METHOD_MATCH = YES;
				"CODE_SIGN_IDENTITY[sdk=iphoneos*]" = "iPhone Developer";
				COPY_PHASE_STRIP = NO;
				DEBUG_INFORMATION_FORMAT = "dwarf-with-dsym";
				ENABLE_NS_ASSERTIONS = NO;
				ENABLE_STRICT_OBJC_MSGSEND = YES;
				GCC_C_LANGUAGE_STANDARD = gnu99;
				GCC_NO_COMMON_BLOCKS = YES;
				GCC_WARN_64_TO_32_BIT_CONVERSION = YES;
				GCC_WARN_ABOUT_RETURN_TYPE = YES_ERROR;
				GCC_WARN_UNDECLARED_SELECTOR = YES;
				GCC_WARN_UNINITIALIZED_AUTOS = YES_AGGRESSIVE;
				GCC_WARN_UNUSED_FUNCTION = YES;
				GCC_WARN_UNUSED_VARIABLE = YES;
				IPHONEOS_DEPLOYMENT_TARGET = 6.0;
				MTL_ENABLE_DEBUG_INFO = NO;
				SDKROOT = iphoneos;
				TARGETED_DEVICE_FAMILY = "1,2";
				VALIDATE_PRODUCT = YES;
			};
			name = Release;
		};
		217370741BAD2E8600366B5D /* Debug */ = {
			isa = XCBuildConfiguration;
			buildSettings = {
				ASSETCATALOG_COMPILER_APPICON_NAME = AppIcon;
				INFOPLIST_FILE = "$(SRCROOT)/AutoLayoutVisualFormatExample/Info.plist";
				IPHONEOS_DEPLOYMENT_TARGET = 6.0;
				LD_RUNPATH_SEARCH_PATHS = "$(inherited) @executable_path/Frameworks";
				OTHER_LDFLAGS = "-ObjC";
				PRODUCT_NAME = "$(TARGET_NAME)";
			};
			name = Debug;
		};
		217370751BAD2E8600366B5D /* Release */ = {
			isa = XCBuildConfiguration;
			buildSettings = {
				ASSETCATALOG_COMPILER_APPICON_NAME = AppIcon;
				INFOPLIST_FILE = "$(SRCROOT)/AutoLayoutVisualFormatExample/Info.plist";
				IPHONEOS_DEPLOYMENT_TARGET = 6.0;
				LD_RUNPATH_SEARCH_PATHS = "$(inherited) @executable_path/Frameworks";
				OTHER_LDFLAGS = "-ObjC";
				PRODUCT_NAME = "$(TARGET_NAME)";
			};
			name = Release;
		};
		2173708F1BAD2EDF00366B5D /* Debug */ = {
			isa = XCBuildConfiguration;
			buildSettings = {
				GCC_PREPROCESSOR_DEFINITIONS = (
					"DEBUG=1",
					"$(inherited)",
				);
				OTHER_LDFLAGS = "-ObjC";
				PRODUCT_NAME = "$(TARGET_NAME)";
				SKIP_INSTALL = YES;
			};
			name = Debug;
		};
		217370901BAD2EDF00366B5D /* Release */ = {
			isa = XCBuildConfiguration;
			buildSettings = {
				OTHER_LDFLAGS = "-ObjC";
				PRODUCT_NAME = "$(TARGET_NAME)";
				SKIP_INSTALL = YES;
			};
			name = Release;
		};
		21F88EB31BB2D95A008AFDDB /* Debug */ = {
			isa = XCBuildConfiguration;
			buildSettings = {
				ASSETCATALOG_COMPILER_APPICON_NAME = AppIcon;
				CLANG_ENABLE_MODULES = YES;
				ENABLE_TESTABILITY = YES;
				INFOPLIST_FILE = AutoLayoutSwiftExample/Info.plist;
				IPHONEOS_DEPLOYMENT_TARGET = 7.0;
				LD_RUNPATH_SEARCH_PATHS = "$(inherited) @executable_path/Frameworks";
				OTHER_LDFLAGS = "-ObjC";
				PRODUCT_BUNDLE_IDENTIFIER = SW.AutoLayoutSwiftExample;
				PRODUCT_NAME = "$(TARGET_NAME)";
				SWIFT_INCLUDE_PATHS = $SRCROOT/AutoLayoutVisualFormat/;
				SWIFT_OBJC_BRIDGING_HEADER = "AutoLayoutSwiftExample/AutoLayoutSwiftExample-Bridging-Header.h";
				SWIFT_OPTIMIZATION_LEVEL = "-Onone";
			};
			name = Debug;
		};
		21F88EB41BB2D95A008AFDDB /* Release */ = {
			isa = XCBuildConfiguration;
			buildSettings = {
				ASSETCATALOG_COMPILER_APPICON_NAME = AppIcon;
				CLANG_ENABLE_MODULES = YES;
				INFOPLIST_FILE = AutoLayoutSwiftExample/Info.plist;
				IPHONEOS_DEPLOYMENT_TARGET = 7.0;
				LD_RUNPATH_SEARCH_PATHS = "$(inherited) @executable_path/Frameworks";
				OTHER_LDFLAGS = "-ObjC";
				PRODUCT_BUNDLE_IDENTIFIER = SW.AutoLayoutSwiftExample;
				PRODUCT_NAME = "$(TARGET_NAME)";
				SWIFT_INCLUDE_PATHS = $SRCROOT/AutoLayoutVisualFormat/;
				SWIFT_OBJC_BRIDGING_HEADER = "AutoLayoutSwiftExample/AutoLayoutSwiftExample-Bridging-Header.h";
			};
			name = Release;
		};
/* End XCBuildConfiguration section */

/* Begin XCConfigurationList section */
		217370481BAD2E8600366B5D /* Build configuration list for PBXProject "AutoLayoutVisualFormat" */ = {
			isa = XCConfigurationList;
			buildConfigurations = (
				217370711BAD2E8600366B5D /* Debug */,
				217370721BAD2E8600366B5D /* Release */,
			);
			defaultConfigurationIsVisible = 0;
			defaultConfigurationName = Release;
		};
		217370731BAD2E8600366B5D /* Build configuration list for PBXNativeTarget "AutoLayoutVisualFormatExample" */ = {
			isa = XCConfigurationList;
			buildConfigurations = (
				217370741BAD2E8600366B5D /* Debug */,
				217370751BAD2E8600366B5D /* Release */,
			);
			defaultConfigurationIsVisible = 0;
			defaultConfigurationName = Release;
		};
		2173708E1BAD2EDF00366B5D /* Build configuration list for PBXNativeTarget "AutoLayoutVisualFormat" */ = {
			isa = XCConfigurationList;
			buildConfigurations = (
				2173708F1BAD2EDF00366B5D /* Debug */,
				217370901BAD2EDF00366B5D /* Release */,
			);
			defaultConfigurationIsVisible = 0;
			defaultConfigurationName = Release;
		};
		21F88EB21BB2D95A008AFDDB /* Build configuration list for PBXNativeTarget "AutoLayoutSwiftExample" */ = {
			isa = XCConfigurationList;
			buildConfigurations = (
				21F88EB31BB2D95A008AFDDB /* Debug */,
				21F88EB41BB2D95A008AFDDB /* Release */,
			);
			defaultConfigurationIsVisible = 0;
			defaultConfigurationName = Release;
		};
/* End XCConfigurationList section */
	};
	rootObject = 217370451BAD2E8600366B5D /* Project object */;
}
