// !$*UTF8*$!
{
	archiveVersion = 1;
	classes = {
	};
	objectVersion = 46;
	objects = {

/* Begin PBXBuildFile section */
		04546CFF00F31AACB11C102DF11646BD /* SwitchLayoutExample.swift in Sources */ = {isa = PBXBuildFile; fileRef = D10C4BD9C30B6ED2A841ED0348C550D1 /* SwitchLayoutExample.swift */; };
		06FBB1EC6ADA4BF0D92405012CE1F7B0 /* DetailViewController.swift in Sources */ = {isa = PBXBuildFile; fileRef = 96E35E1A4029720DC3553CBAEADC82E9 /* DetailViewController.swift */; };
		0A1BAB613B0D46FBD969D9FDD6965898 /* libAutoLayoutVisualFormat.a in Frameworks */ = {isa = PBXBuildFile; fileRef = 154197CD9A22757D3F4C089FCE16EE99 /* libAutoLayoutVisualFormat.a */; };
		0C3028C79EA6ECDBE769481E28DCD4F7 /* NSLayoutConstraint+SWAutoLayout.h in CopyFiles */ = {isa = PBXBuildFile; fileRef = 62657A226BC8721127E0E75E9BCCA677 /* NSLayoutConstraint+SWAutoLayout.h */; };
		0D31440D6E4F92C5548E130A65D4E4B4 /* VFL.framework in Frameworks */ = {isa = PBXBuildFile; fileRef = 68CC85B4C693A51C25DFCF0A9E9048A1 /* VFL.framework */; };
		105BDCB23C69D6AE2B0D590E372A46F3 /* Dict+SWAutoLayout.swift in Sources */ = {isa = PBXBuildFile; fileRef = 994EEAD873A254D91E19F01312EBF984 /* Dict+SWAutoLayout.swift */; };
		1307B9C2310F8F9F7F6436EF42A4FCB1 /* Global.swift in Sources */ = {isa = PBXBuildFile; fileRef = A57478887280ABB105E654D47D77B338 /* Global.swift */; };
		184901A5D85E0D9FDD3B7BB72DCA819E /* UIView+SWAutoLayout.swift in Sources */ = {isa = PBXBuildFile; fileRef = CDB9EADB1B1B91BDE406BC1F4A08DC76 /* UIView+SWAutoLayout.swift */; };
		1B387A700619998BF7C2D6A0F497B172 /* LaunchScreen.storyboard in Resources */ = {isa = PBXBuildFile; fileRef = 6F04D4FF7BC4F9A4159B56D6658F5015 /* LaunchScreen.storyboard */; };
		1E4ED03B8AE6DC508A06B3F08A33D883 /* AutoLayoutFormatAnalyzer.h in Headers */ = {isa = PBXBuildFile; fileRef = 72C4EAF5C39D0A6625B8EBEE6454ECD8 /* AutoLayoutFormatAnalyzer.h */; settings = {ATTRIBUTES = (Public, ); }; };
		2305BFCF86412F3BF4DBD48EE4F5A23A /* NSArray+SWAutoLayout.m in Sources */ = {isa = PBXBuildFile; fileRef = 5F95690950305ECAB5C6DC0E3A383296 /* NSArray+SWAutoLayout.m */; };
		2331C89AF5DF3BD19F9CEC3A3BC74CC3 /* IndividualViewExample.swift in Sources */ = {isa = PBXBuildFile; fileRef = 5129D214A2E16EBB49A97172F5B7FBC5 /* IndividualViewExample.swift */; };
		244521E76AFCF09689303B6410E6E32E /* NSDictionary+SWAutoLayout.m in Sources */ = {isa = PBXBuildFile; fileRef = A7020D9D258E6EBCC3982C6993032901 /* NSDictionary+SWAutoLayout.m */; };
		255EAA55B65C4BDA6CAC0D01B222F1AF /* LaunchScreen.xib in Resources */ = {isa = PBXBuildFile; fileRef = A36E0A3ABFD0F25A59152E0DC2FC26C5 /* LaunchScreen.xib */; };
		2BF93002A8C7CFE1595E38C047AFBA07 /* UIView+SWAutoLayout.h in CopyFiles */ = {isa = PBXBuildFile; fileRef = C5D4D07598F60A650E5594532ECA910B /* UIView+SWAutoLayout.h */; };
		306A906DFA6781BC16CB8F8885E060CC /* main.m in Sources */ = {isa = PBXBuildFile; fileRef = 49B21CDF95186C3B07260A363C05E233 /* main.m */; };
		3B4774EE43E4DF34C6264482A9C80E71 /* Main.storyboard in Resources */ = {isa = PBXBuildFile; fileRef = 1B6044C9B92AE1A28C2EC9DF5B0900BA /* Main.storyboard */; };
		3BB44904301288F115F0A1C53FF2B75A /* UIView+SWAutoLayout.h in Headers */ = {isa = PBXBuildFile; fileRef = C5D4D07598F60A650E5594532ECA910B /* UIView+SWAutoLayout.h */; settings = {ATTRIBUTES = (Public, ); }; };
		3EB24B4133DACE567AB45E22AC119387 /* UIView+SWAutoLayout.m in Sources */ = {isa = PBXBuildFile; fileRef = 1880D4B5130DB610278416FD127FB384 /* UIView+SWAutoLayout.m */; };
		469163A5CB50D9E2CF44E2CA0FC1845E /* MasterViewController.m in Sources */ = {isa = PBXBuildFile; fileRef = 05F308521A0A9EEEDB3641AA7769420B /* MasterViewController.m */; };
		50A06ACB0EC90FEC7D05FE06E80FF799 /* UIView+SWAutoLayout.h in Headers */ = {isa = PBXBuildFile; fileRef = C5D4D07598F60A650E5594532ECA910B /* UIView+SWAutoLayout.h */; settings = {ATTRIBUTES = (Public, ); }; };
		50F93F989BAF859795A495B2D117682F /* Dict+SWAutoLayout.swift in Sources */ = {isa = PBXBuildFile; fileRef = 994EEAD873A254D91E19F01312EBF984 /* Dict+SWAutoLayout.swift */; };
		51912C2347B18B1C5A11BE328E8FE5B4 /* AppDelegate.m in Sources */ = {isa = PBXBuildFile; fileRef = B78728BF3FDB46010769AFD6BA0A114E /* AppDelegate.m */; };
		54B4B5FB674757340680C872503C2C7B /* AutoLayoutFormatAnalyzer.h in Headers */ = {isa = PBXBuildFile; fileRef = 72C4EAF5C39D0A6625B8EBEE6454ECD8 /* AutoLayoutFormatAnalyzer.h */; settings = {ATTRIBUTES = (Public, ); }; };
		5531F0C01EA0561F1538D5FAAEAB2EA0 /* SystemVisualLayoutExample.swift in Sources */ = {isa = PBXBuildFile; fileRef = 9750B4EB81D2AB613B9042593E9AE208 /* SystemVisualLayoutExample.swift */; };
		5CC2E2AB35AAC17330FE5D9FE7CE4C14 /* libPods-AutoLayoutVisualFormatExample.a in Frameworks */ = {isa = PBXBuildFile; fileRef = 8F0CF0F457A28D6D149EAC50A4582F91 /* libPods-AutoLayoutVisualFormatExample.a */; };
		63236A31656BA8BFE9E81006E481F9F3 /* IndividualViewExample.m in Sources */ = {isa = PBXBuildFile; fileRef = 30CD56E91156F922A7A0872C109FA697 /* IndividualViewExample.m */; };
		6954544BEF3347BD571EDF547EBABFE9 /* NSArray+SWAutoLayout.h in Headers */ = {isa = PBXBuildFile; fileRef = 5A9104201AAE70C4BB3259E70357EAFB /* NSArray+SWAutoLayout.h */; settings = {ATTRIBUTES = (Public, ); }; };
		6B03B9AB552B030082F42BD63D4858D2 /* SystemVisualLayoutExample.m in Sources */ = {isa = PBXBuildFile; fileRef = BE74A6D13129616C260EAE7880E89A77 /* SystemVisualLayoutExample.m */; };
		744C3C611886068D1B14F4C10935E174 /* NSLayoutConstraint+SWAutoLayout.m in Sources */ = {isa = PBXBuildFile; fileRef = A5396A9E7A2257F3439D53396CE96419 /* NSLayoutConstraint+SWAutoLayout.m */; };
		74FC4FB4B80ED3A4C5EAEA31CA246E94 /* NSArray+SWAutoLayout.h in CopyFiles */ = {isa = PBXBuildFile; fileRef = 5A9104201AAE70C4BB3259E70357EAFB /* NSArray+SWAutoLayout.h */; };
		78E304EF5F4314A6F14127E501F82F1B /* Images.xcassets in Resources */ = {isa = PBXBuildFile; fileRef = B60F50314D4D6C477D4DA5204432660D /* Images.xcassets */; };
		7919E1203F1B560F3054E844BBC31AA2 /* Main.storyboard in Resources */ = {isa = PBXBuildFile; fileRef = 7173CA17AB9B86E5C78114697CBBD68A /* Main.storyboard */; };
		79C949F09184CD2AB1FE85F397B51F16 /* AutoLayoutFormatAnalyzer.h in CopyFiles */ = {isa = PBXBuildFile; fileRef = 72C4EAF5C39D0A6625B8EBEE6454ECD8 /* AutoLayoutFormatAnalyzer.h */; };
		7D002C7D0EC2808CB899D49DCCD74D31 /* VFL.framework in Embed Frameworks */ = {isa = PBXBuildFile; fileRef = 68CC85B4C693A51C25DFCF0A9E9048A1 /* VFL.framework */; settings = {ATTRIBUTES = (CodeSignOnCopy, RemoveHeadersOnCopy, ); }; };
		7FFB08018A819C787B722FBDCA930654 /* UIView+SWAutoLayout.m in Sources */ = {isa = PBXBuildFile; fileRef = 1880D4B5130DB610278416FD127FB384 /* UIView+SWAutoLayout.m */; };
		80E88D90C59244A1EB8591A295D44632 /* Array+SWAutoLayout.swift in Sources */ = {isa = PBXBuildFile; fileRef = 6A0F66B3E0200A49F4BC9007A741ECD8 /* Array+SWAutoLayout.swift */; };
		879507029182F1090E2B412375C54A1A /* VFLInterpolation.swift in Sources */ = {isa = PBXBuildFile; fileRef = 7EE8C2B52AB974F5D21666BB08C9046C /* VFLInterpolation.swift */; };
		88448C2F9570F344D96A429B52862404 /* AutoLayoutVisualFormatLib.m in Sources */ = {isa = PBXBuildFile; fileRef = ED72A86213F279F422F4EDAF92A5666F /* AutoLayoutVisualFormatLib.m */; };
		8D6F2260C2F0FC4FE0F698F182723A31 /* Array+SWAutoLayout.swift in Sources */ = {isa = PBXBuildFile; fileRef = 6A0F66B3E0200A49F4BC9007A741ECD8 /* Array+SWAutoLayout.swift */; };
		8E490223014B06C33E5D3A2996E7ABF1 /* NSArray+SWAutoLayout.m in Sources */ = {isa = PBXBuildFile; fileRef = 5F95690950305ECAB5C6DC0E3A383296 /* NSArray+SWAutoLayout.m */; };
		98C9F5EAB748CDB4B6007A1F0F7C6369 /* libAutoLayoutVisualFormat.a in Frameworks */ = {isa = PBXBuildFile; fileRef = 154197CD9A22757D3F4C089FCE16EE99 /* libAutoLayoutVisualFormat.a */; };
		9D701B5905A327A65538D64DCCCBC7A2 /* VFLInterpolation.swift in Sources */ = {isa = PBXBuildFile; fileRef = 7EE8C2B52AB974F5D21666BB08C9046C /* VFLInterpolation.swift */; };
		AD8E74FF4F6B66BE0524D28AC8CF987F /* Pods_AutoLayoutSwiftExample.framework in Frameworks */ = {isa = PBXBuildFile; fileRef = 6114865FB35E540A0488101DE042AC05 /* Pods_AutoLayoutSwiftExample.framework */; };
		ADFD80C12B3101BE4DE779C2B486B847 /* AutoLayoutFormatAnalyzer.m in Sources */ = {isa = PBXBuildFile; fileRef = 2C9F4D4CFFCB9E3482D019C2B3A9A751 /* AutoLayoutFormatAnalyzer.m */; };
		AF9755B9A506A77341BBB51004D64333 /* VFL.h in Headers */ = {isa = PBXBuildFile; fileRef = 064A7E2BA73DC3C0D6E12EC58BF17333 /* VFL.h */; settings = {ATTRIBUTES = (Public, ); }; };
		B5944D9064B8E94EDC7B808B13A0B76F /* SwitchLayoutExample.m in Sources */ = {isa = PBXBuildFile; fileRef = 235EAE760FA76297474E10A226E8E3E1 /* SwitchLayoutExample.m */; };
		B6A4CEEC0543294624A9D81281F3E6A9 /* AutoLayoutFormatAnalyzer.m in Sources */ = {isa = PBXBuildFile; fileRef = 2C9F4D4CFFCB9E3482D019C2B3A9A751 /* AutoLayoutFormatAnalyzer.m */; };
		B9201ADCBFB631D57D87674FAABEBA02 /* UIView+SWAutoLayout.swift in Sources */ = {isa = PBXBuildFile; fileRef = CDB9EADB1B1B91BDE406BC1F4A08DC76 /* UIView+SWAutoLayout.swift */; };
		C1B49B6CE89376F29AA9E55AF4F72D57 /* NSDictionary+SWAutoLayout.h in CopyFiles */ = {isa = PBXBuildFile; fileRef = 6D077912D43C973C13A613E0C520CFFB /* NSDictionary+SWAutoLayout.h */; };
		C97EA4A5F0AD698DDD47C7A83F4137B7 /* AutoLayoutVisualFormatLib.h in CopyFiles */ = {isa = PBXBuildFile; fileRef = 8DBA807511C204A366267150D20EA9A6 /* AutoLayoutVisualFormatLib.h */; };
		D12E298464CD90239308FE9BB1B0C797 /* NSDictionary+SWAutoLayout.m in Sources */ = {isa = PBXBuildFile; fileRef = A7020D9D258E6EBCC3982C6993032901 /* NSDictionary+SWAutoLayout.m */; };
		D4CB73249CE93ECF7262A59A4CE2FDB6 /* DetailViewController.m in Sources */ = {isa = PBXBuildFile; fileRef = 77B6B55100DBCEFCDB04A504735D2E89 /* DetailViewController.m */; };
		D6F1B1CA777300F58CA6E7D1E42BE0EE /* VFL.framework in Frameworks */ = {isa = PBXBuildFile; fileRef = 68CC85B4C693A51C25DFCF0A9E9048A1 /* VFL.framework */; };
		DC522B13EFB26ED92AE38C822C639572 /* NSLayoutConstraint+SWAutoLayout.m in Sources */ = {isa = PBXBuildFile; fileRef = A5396A9E7A2257F3439D53396CE96419 /* NSLayoutConstraint+SWAutoLayout.m */; };
		DD778D921DA041E1EEC6C3D60FD23141 /* VFL.h in Headers */ = {isa = PBXBuildFile; fileRef = 064A7E2BA73DC3C0D6E12EC58BF17333 /* VFL.h */; settings = {ATTRIBUTES = (Public, ); }; };
		E0DF063E099FFEE970D28150BD4C5DB2 /* AutoLayoutVisualFormatLib.m in Sources */ = {isa = PBXBuildFile; fileRef = ED72A86213F279F422F4EDAF92A5666F /* AutoLayoutVisualFormatLib.m */; };
		E49D530611707A873ED7BF64E8135C59 /* NSArray+SWAutoLayout.h in Headers */ = {isa = PBXBuildFile; fileRef = 5A9104201AAE70C4BB3259E70357EAFB /* NSArray+SWAutoLayout.h */; settings = {ATTRIBUTES = (Public, ); }; };
		EC2C88D94B0ECF6B8B8D380856F4ED85 /* AppDelegate.swift in Sources */ = {isa = PBXBuildFile; fileRef = 67E57609126A5E6CF9E923D4763C0210 /* AppDelegate.swift */; };
		EEDFFF197797B4A0902F0331C29B9B40 /* Tests.m in Sources */ = {isa = PBXBuildFile; fileRef = 6CBBDA358F959DC07B7E98A2825C5698 /* Tests.m */; };
		F02BF8783475250CF8F38909EF0E375C /* BasicFlowLayoutExample.swift in Sources */ = {isa = PBXBuildFile; fileRef = 294868FBA17F2F981916047268E54CBD /* BasicFlowLayoutExample.swift */; };
		F0D36D7736BE3F1F9D8C428ABBE22FF6 /* NSDictionary+SWAutoLayout.h in Headers */ = {isa = PBXBuildFile; fileRef = 6D077912D43C973C13A613E0C520CFFB /* NSDictionary+SWAutoLayout.h */; settings = {ATTRIBUTES = (Public, ); }; };
		F34D4C49A53E39D895196BB77D8ACF49 /* BasicFlowLayoutExample.m in Sources */ = {isa = PBXBuildFile; fileRef = 42F423047E10067FECEC060F4881C929 /* BasicFlowLayoutExample.m */; };
		F8595C4B5875F06F6BFBE922AB171E5F /* MasterViewController.swift in Sources */ = {isa = PBXBuildFile; fileRef = 1CC849063A4BE02D58D898F67145B1F1 /* MasterViewController.swift */; };
		F9002621072C45C28DC2CA8DC564C48E /* NSDictionary+SWAutoLayout.h in Headers */ = {isa = PBXBuildFile; fileRef = 6D077912D43C973C13A613E0C520CFFB /* NSDictionary+SWAutoLayout.h */; settings = {ATTRIBUTES = (Public, ); }; };
		FC1A6CC678D7CF05C6E1CB3CC90ED114 /* Assets.xcassets in Resources */ = {isa = PBXBuildFile; fileRef = FE86ACF1E7FD1339CFD36236044EE17D /* Assets.xcassets */; };
/* End PBXBuildFile section */

/* Begin PBXContainerItemProxy section */
		1367B8709427B2FD647DF735C38EE17E /* PBXContainerItemProxy */ = {
			isa = PBXContainerItemProxy;
			containerPortal = D9500612B28DCB0385D241BE0C060EEC /* Project object */;
			proxyType = 1;
			remoteGlobalIDString = 069A91C64601485F25A240EF2FE44EC5;
			remoteInfo = VFLStatic;
		};
		2C400FBFEAAD8690EC20B0536FE936B9 /* PBXContainerItemProxy */ = {
			isa = PBXContainerItemProxy;
			containerPortal = D9500612B28DCB0385D241BE0C060EEC /* Project object */;
			proxyType = 1;
			remoteGlobalIDString = 069A91C64601485F25A240EF2FE44EC5;
			remoteInfo = VFLStatic;
		};
		D7A8C33B05E3E61525C4EBB0ACF3EC2A /* PBXContainerItemProxy */ = {
			isa = PBXContainerItemProxy;
			containerPortal = D9500612B28DCB0385D241BE0C060EEC /* Project object */;
			proxyType = 1;
			remoteGlobalIDString = 6F78827CBD757A320015FFA92D721CED;
			remoteInfo = AutoLayoutVisualFormat;
		};
		FD547295E87BA3E373D4E65266C6A468 /* PBXContainerItemProxy */ = {
			isa = PBXContainerItemProxy;
			containerPortal = D9500612B28DCB0385D241BE0C060EEC /* Project object */;
			proxyType = 1;
			remoteGlobalIDString = 6F78827CBD757A320015FFA92D721CED;
			remoteInfo = AutoLayoutVisualFormatLib;
		};
/* End PBXContainerItemProxy section */

/* Begin PBXCopyFilesBuildPhase section */
		1DA103244EC8D6B819651CD259FEB103 /* Embed Frameworks */ = {
			isa = PBXCopyFilesBuildPhase;
			buildActionMask = 2147483647;
			dstPath = "";
			dstSubfolderSpec = 10;
			files = (
				7D002C7D0EC2808CB899D49DCCD74D31 /* VFL.framework in Embed Frameworks */,
			);
			name = "Embed Frameworks";
			runOnlyForDeploymentPostprocessing = 0;
		};
		C01AB6611BC3D34C8D73012B7FFC3D71 /* CopyFiles */ = {
			isa = PBXCopyFilesBuildPhase;
			buildActionMask = 2147483647;
			dstPath = "include/$(PRODUCT_NAME)";
			dstSubfolderSpec = 16;
			files = (
				79C949F09184CD2AB1FE85F397B51F16 /* AutoLayoutFormatAnalyzer.h in CopyFiles */,
				C97EA4A5F0AD698DDD47C7A83F4137B7 /* AutoLayoutVisualFormatLib.h in CopyFiles */,
				74FC4FB4B80ED3A4C5EAEA31CA246E94 /* NSArray+SWAutoLayout.h in CopyFiles */,
				C1B49B6CE89376F29AA9E55AF4F72D57 /* NSDictionary+SWAutoLayout.h in CopyFiles */,
				0C3028C79EA6ECDBE769481E28DCD4F7 /* NSLayoutConstraint+SWAutoLayout.h in CopyFiles */,
				2BF93002A8C7CFE1595E38C047AFBA07 /* UIView+SWAutoLayout.h in CopyFiles */,
			);
			runOnlyForDeploymentPostprocessing = 0;
		};
		D9935D7353A7DA8B515F3AC45E5B6972 /* Embed Frameworks */ = {
			isa = PBXCopyFilesBuildPhase;
			buildActionMask = 2147483647;
			dstPath = "";
			dstSubfolderSpec = 10;
			files = (
			);
			name = "Embed Frameworks";
			runOnlyForDeploymentPostprocessing = 0;
		};
/* End PBXCopyFilesBuildPhase section */

/* Begin PBXFileReference section */
		05F308521A0A9EEEDB3641AA7769420B /* MasterViewController.m */ = {isa = PBXFileReference; lastKnownFileType = sourcecode.c.objc; path = MasterViewController.m; sourceTree = "<group>"; };
		064A7E2BA73DC3C0D6E12EC58BF17333 /* VFL.h */ = {isa = PBXFileReference; lastKnownFileType = sourcecode.c.h; path = VFL.h; sourceTree = "<group>"; };
		07461DF761C04FC9D00DD67A265D9B09 /* Info.plist */ = {isa = PBXFileReference; lastKnownFileType = text.plist.xml; path = Info.plist; sourceTree = "<group>"; };
		154197CD9A22757D3F4C089FCE16EE99 /* libAutoLayoutVisualFormat.a */ = {isa = PBXFileReference; explicitFileType = archive.ar; includeInIndex = 0; path = libAutoLayoutVisualFormat.a; sourceTree = BUILT_PRODUCTS_DIR; };
		16D60E677EA0B700E4A8E3EC62A85CEB /* AutoLayoutVisualFormatExample.app */ = {isa = PBXFileReference; explicitFileType = wrapper.application; includeInIndex = 0; path = AutoLayoutVisualFormatExample.app; sourceTree = BUILT_PRODUCTS_DIR; };
		1880D4B5130DB610278416FD127FB384 /* UIView+SWAutoLayout.m */ = {isa = PBXFileReference; fileEncoding = 4; lastKnownFileType = sourcecode.c.objc; path = "UIView+SWAutoLayout.m"; sourceTree = "<group>"; };
		1CC849063A4BE02D58D898F67145B1F1 /* MasterViewController.swift */ = {isa = PBXFileReference; lastKnownFileType = sourcecode.swift; path = MasterViewController.swift; sourceTree = "<group>"; };
		1E885D6E77CDC2024E714857227F1575 /* Base */ = {isa = PBXFileReference; lastKnownFileType = file.storyboard; name = Base; path = Base.lproj/LaunchScreen.storyboard; sourceTree = "<group>"; };
		235EAE760FA76297474E10A226E8E3E1 /* SwitchLayoutExample.m */ = {isa = PBXFileReference; fileEncoding = 4; lastKnownFileType = sourcecode.c.objc; path = SwitchLayoutExample.m; sourceTree = "<group>"; };
		294868FBA17F2F981916047268E54CBD /* BasicFlowLayoutExample.swift */ = {isa = PBXFileReference; fileEncoding = 4; lastKnownFileType = sourcecode.swift; path = BasicFlowLayoutExample.swift; sourceTree = "<group>"; };
		2C9F4D4CFFCB9E3482D019C2B3A9A751 /* AutoLayoutFormatAnalyzer.m */ = {isa = PBXFileReference; fileEncoding = 4; lastKnownFileType = sourcecode.c.objc; path = AutoLayoutFormatAnalyzer.m; sourceTree = "<group>"; };
		30CD56E91156F922A7A0872C109FA697 /* IndividualViewExample.m */ = {isa = PBXFileReference; fileEncoding = 4; lastKnownFileType = sourcecode.c.objc; path = IndividualViewExample.m; sourceTree = "<group>"; };
		42F423047E10067FECEC060F4881C929 /* BasicFlowLayoutExample.m */ = {isa = PBXFileReference; fileEncoding = 4; lastKnownFileType = sourcecode.c.objc; path = BasicFlowLayoutExample.m; sourceTree = "<group>"; };
		49B21CDF95186C3B07260A363C05E233 /* main.m */ = {isa = PBXFileReference; lastKnownFileType = sourcecode.c.objc; path = main.m; sourceTree = "<group>"; };
		507699B0A3696D8F394BB884E2A7EE72 /* Info.plist */ = {isa = PBXFileReference; lastKnownFileType = text.plist.xml; path = Info.plist; sourceTree = "<group>"; };
		5129D214A2E16EBB49A97172F5B7FBC5 /* IndividualViewExample.swift */ = {isa = PBXFileReference; fileEncoding = 4; lastKnownFileType = sourcecode.swift; path = IndividualViewExample.swift; sourceTree = "<group>"; };
		5A9104201AAE70C4BB3259E70357EAFB /* NSArray+SWAutoLayout.h */ = {isa = PBXFileReference; fileEncoding = 4; lastKnownFileType = sourcecode.c.h; path = "NSArray+SWAutoLayout.h"; sourceTree = "<group>"; };
		5F95690950305ECAB5C6DC0E3A383296 /* NSArray+SWAutoLayout.m */ = {isa = PBXFileReference; fileEncoding = 4; lastKnownFileType = sourcecode.c.objc; path = "NSArray+SWAutoLayout.m"; sourceTree = "<group>"; };
		6114865FB35E540A0488101DE042AC05 /* Pods_AutoLayoutSwiftExample.framework */ = {isa = PBXFileReference; explicitFileType = wrapper.framework; includeInIndex = 0; path = Pods_AutoLayoutSwiftExample.framework; sourceTree = BUILT_PRODUCTS_DIR; };
		62657A226BC8721127E0E75E9BCCA677 /* NSLayoutConstraint+SWAutoLayout.h */ = {isa = PBXFileReference; fileEncoding = 4; lastKnownFileType = sourcecode.c.h; path = "NSLayoutConstraint+SWAutoLayout.h"; sourceTree = "<group>"; };
		64530E46AB50F86221CA8FDB6A2B5142 /* AppDelegate.h */ = {isa = PBXFileReference; lastKnownFileType = sourcecode.c.h; path = AppDelegate.h; sourceTree = "<group>"; };
		67E57609126A5E6CF9E923D4763C0210 /* AppDelegate.swift */ = {isa = PBXFileReference; lastKnownFileType = sourcecode.swift; path = AppDelegate.swift; sourceTree = "<group>"; };
		68CC85B4C693A51C25DFCF0A9E9048A1 /* VFL.framework */ = {isa = PBXFileReference; explicitFileType = wrapper.framework; includeInIndex = 0; path = VFL.framework; sourceTree = BUILT_PRODUCTS_DIR; };
		68CC85B4C693A51C25DFCF0A9E9048A1 /* VFL.framework */ = {isa = PBXFileReference; explicitFileType = wrapper.framework; includeInIndex = 0; path = VFL.framework; sourceTree = BUILT_PRODUCTS_DIR; };
		6A0F66B3E0200A49F4BC9007A741ECD8 /* Array+SWAutoLayout.swift */ = {isa = PBXFileReference; fileEncoding = 4; lastKnownFileType = sourcecode.swift; path = "Array+SWAutoLayout.swift"; sourceTree = "<group>"; };
		6CBBDA358F959DC07B7E98A2825C5698 /* Tests.m */ = {isa = PBXFileReference; lastKnownFileType = sourcecode.c.objc; path = Tests.m; sourceTree = "<group>"; };
		6D077912D43C973C13A613E0C520CFFB /* NSDictionary+SWAutoLayout.h */ = {isa = PBXFileReference; fileEncoding = 4; lastKnownFileType = sourcecode.c.h; path = "NSDictionary+SWAutoLayout.h"; sourceTree = "<group>"; };
		7170AC5905BD6992DB5EAFCB65CA2400 /* Base */ = {isa = PBXFileReference; lastKnownFileType = file.storyboard; name = Base; path = Base.lproj/Main.storyboard; sourceTree = "<group>"; };
		72C4EAF5C39D0A6625B8EBEE6454ECD8 /* AutoLayoutFormatAnalyzer.h */ = {isa = PBXFileReference; fileEncoding = 4; lastKnownFileType = sourcecode.c.h; path = AutoLayoutFormatAnalyzer.h; sourceTree = "<group>"; };
		731C867FA9CCF595DD033F2FCE77BE46 /* Pods-AutoLayoutVisualFormatExample.release.xcconfig */ = {isa = PBXFileReference; includeInIndex = 1; lastKnownFileType = text.xcconfig; name = "Pods-AutoLayoutVisualFormatExample.release.xcconfig"; path = "Pods/Target Support Files/Pods-AutoLayoutVisualFormatExample/Pods-AutoLayoutVisualFormatExample.release.xcconfig"; sourceTree = "<group>"; };
		745190330095B302E81C9014A0E3CA39 /* Pods-AutoLayoutVisualFormatExample.debug.xcconfig */ = {isa = PBXFileReference; includeInIndex = 1; lastKnownFileType = text.xcconfig; name = "Pods-AutoLayoutVisualFormatExample.debug.xcconfig"; path = "Pods/Target Support Files/Pods-AutoLayoutVisualFormatExample/Pods-AutoLayoutVisualFormatExample.debug.xcconfig"; sourceTree = "<group>"; };
		77B6B55100DBCEFCDB04A504735D2E89 /* DetailViewController.m */ = {isa = PBXFileReference; lastKnownFileType = sourcecode.c.objc; path = DetailViewController.m; sourceTree = "<group>"; };
		7EE8C2B52AB974F5D21666BB08C9046C /* VFLInterpolation.swift */ = {isa = PBXFileReference; fileEncoding = 4; lastKnownFileType = sourcecode.swift; path = VFLInterpolation.swift; sourceTree = "<group>"; };
		87306A8F3DA4F166344C57D7DEB21739 /* BasicFlowLayoutExample.h */ = {isa = PBXFileReference; fileEncoding = 4; lastKnownFileType = sourcecode.c.h; path = BasicFlowLayoutExample.h; sourceTree = "<group>"; };
		8DBA807511C204A366267150D20EA9A6 /* AutoLayoutVisualFormatLib.h */ = {isa = PBXFileReference; lastKnownFileType = sourcecode.c.h; path = AutoLayoutVisualFormatLib.h; sourceTree = "<group>"; };
		8F0CF0F457A28D6D149EAC50A4582F91 /* libPods-AutoLayoutVisualFormatExample.a */ = {isa = PBXFileReference; explicitFileType = archive.ar; includeInIndex = 0; path = "libPods-AutoLayoutVisualFormatExample.a"; sourceTree = BUILT_PRODUCTS_DIR; };
		9378D981C6631D1012AE884E720C2828 /* Info.plist */ = {isa = PBXFileReference; lastKnownFileType = text.plist.xml; path = Info.plist; sourceTree = "<group>"; };
		96E35E1A4029720DC3553CBAEADC82E9 /* DetailViewController.swift */ = {isa = PBXFileReference; lastKnownFileType = sourcecode.swift; path = DetailViewController.swift; sourceTree = "<group>"; };
		9750B4EB81D2AB613B9042593E9AE208 /* SystemVisualLayoutExample.swift */ = {isa = PBXFileReference; fileEncoding = 4; lastKnownFileType = sourcecode.swift; path = SystemVisualLayoutExample.swift; sourceTree = "<group>"; };
		994EEAD873A254D91E19F01312EBF984 /* Dict+SWAutoLayout.swift */ = {isa = PBXFileReference; fileEncoding = 4; lastKnownFileType = sourcecode.swift; path = "Dict+SWAutoLayout.swift"; sourceTree = "<group>"; };
		A5396A9E7A2257F3439D53396CE96419 /* NSLayoutConstraint+SWAutoLayout.m */ = {isa = PBXFileReference; fileEncoding = 4; lastKnownFileType = sourcecode.c.objc; path = "NSLayoutConstraint+SWAutoLayout.m"; sourceTree = "<group>"; };
		A57478887280ABB105E654D47D77B338 /* Global.swift */ = {isa = PBXFileReference; fileEncoding = 4; lastKnownFileType = sourcecode.swift; path = Global.swift; sourceTree = "<group>"; };
		A7020D9D258E6EBCC3982C6993032901 /* NSDictionary+SWAutoLayout.m */ = {isa = PBXFileReference; fileEncoding = 4; lastKnownFileType = sourcecode.c.objc; path = "NSDictionary+SWAutoLayout.m"; sourceTree = "<group>"; };
		A74F2430B6D9F412AF946545907B584D /* AutoLayoutSwiftExample.app */ = {isa = PBXFileReference; explicitFileType = wrapper.application; includeInIndex = 0; path = AutoLayoutSwiftExample.app; sourceTree = BUILT_PRODUCTS_DIR; };
		A805F2F06D9C509DBDD2716585853DA7 /* Pods-AutoLayoutSwiftExample.debug.xcconfig */ = {isa = PBXFileReference; includeInIndex = 1; lastKnownFileType = text.xcconfig; name = "Pods-AutoLayoutSwiftExample.debug.xcconfig"; path = "Pods/Target Support Files/Pods-AutoLayoutSwiftExample/Pods-AutoLayoutSwiftExample.debug.xcconfig"; sourceTree = "<group>"; };
		B60F50314D4D6C477D4DA5204432660D /* Images.xcassets */ = {isa = PBXFileReference; lastKnownFileType = folder.assetcatalog; path = Images.xcassets; sourceTree = "<group>"; };
		B644BEE07BE6853448C6ABC0DDB8E56B /* Pods-AutoLayoutSwiftExample.release.xcconfig */ = {isa = PBXFileReference; includeInIndex = 1; lastKnownFileType = text.xcconfig; name = "Pods-AutoLayoutSwiftExample.release.xcconfig"; path = "Pods/Target Support Files/Pods-AutoLayoutSwiftExample/Pods-AutoLayoutSwiftExample.release.xcconfig"; sourceTree = "<group>"; };
		B78728BF3FDB46010769AFD6BA0A114E /* AppDelegate.m */ = {isa = PBXFileReference; lastKnownFileType = sourcecode.c.objc; path = AppDelegate.m; sourceTree = "<group>"; };
		B9DABD06F639EE7A012D6565FDA74511 /* SystemVisualLayoutExample.h */ = {isa = PBXFileReference; fileEncoding = 4; lastKnownFileType = sourcecode.c.h; path = SystemVisualLayoutExample.h; sourceTree = "<group>"; };
		BC5A5E2E2CD65AC862514B14D7404E83 /* Info.plist */ = {isa = PBXFileReference; lastKnownFileType = text.plist.xml; path = Info.plist; sourceTree = "<group>"; };
		BE74A6D13129616C260EAE7880E89A77 /* SystemVisualLayoutExample.m */ = {isa = PBXFileReference; fileEncoding = 4; lastKnownFileType = sourcecode.c.objc; path = SystemVisualLayoutExample.m; sourceTree = "<group>"; };
		C5D4D07598F60A650E5594532ECA910B /* UIView+SWAutoLayout.h */ = {isa = PBXFileReference; fileEncoding = 4; lastKnownFileType = sourcecode.c.h; path = "UIView+SWAutoLayout.h"; sourceTree = "<group>"; };
		CDB9EADB1B1B91BDE406BC1F4A08DC76 /* UIView+SWAutoLayout.swift */ = {isa = PBXFileReference; fileEncoding = 4; lastKnownFileType = sourcecode.swift; path = "UIView+SWAutoLayout.swift"; sourceTree = "<group>"; };
		CFCE6B0E042F219BD39EC570FED4FDF2 /* Base */ = {isa = PBXFileReference; lastKnownFileType = file.xib; name = Base; path = Base.lproj/LaunchScreen.xib; sourceTree = "<group>"; };
		D10C4BD9C30B6ED2A841ED0348C550D1 /* SwitchLayoutExample.swift */ = {isa = PBXFileReference; fileEncoding = 4; lastKnownFileType = sourcecode.swift; path = SwitchLayoutExample.swift; sourceTree = "<group>"; };
		D5D3D3E9425C5D47504205E874DBB55B /* IndividualViewExample.h */ = {isa = PBXFileReference; fileEncoding = 4; lastKnownFileType = sourcecode.c.h; path = IndividualViewExample.h; sourceTree = "<group>"; };
		DA9F43901BF63F78D8F807D191B1CD44 /* Tests.xctest */ = {isa = PBXFileReference; explicitFileType = wrapper.cfbundle; includeInIndex = 0; path = Tests.xctest; sourceTree = BUILT_PRODUCTS_DIR; };
		DF809F1031B761A08379401602E3F1CA /* Base */ = {isa = PBXFileReference; lastKnownFileType = file.storyboard; name = Base; path = Base.lproj/Main.storyboard; sourceTree = "<group>"; };
		E1A6F7AB8976CABC1403DAA09A460257 /* example.pch */ = {isa = PBXFileReference; fileEncoding = 4; lastKnownFileType = sourcecode.c.h; path = example.pch; sourceTree = "<group>"; };
		E61B2FA8F7EE2FF224061292D969C2A5 /* MasterViewController.h */ = {isa = PBXFileReference; lastKnownFileType = sourcecode.c.h; path = MasterViewController.h; sourceTree = "<group>"; };
		ED72A86213F279F422F4EDAF92A5666F /* AutoLayoutVisualFormatLib.m */ = {isa = PBXFileReference; lastKnownFileType = sourcecode.c.objc; path = AutoLayoutVisualFormatLib.m; sourceTree = "<group>"; };
		F37180088E361FC6BA1175C95E9B139D /* DetailViewController.h */ = {isa = PBXFileReference; lastKnownFileType = sourcecode.c.h; path = DetailViewController.h; sourceTree = "<group>"; };
		F5FE72067D8C15B013D344E5CC731464 /* SwitchLayoutExample.h */ = {isa = PBXFileReference; fileEncoding = 4; lastKnownFileType = sourcecode.c.h; path = SwitchLayoutExample.h; sourceTree = "<group>"; };
		FE86ACF1E7FD1339CFD36236044EE17D /* Assets.xcassets */ = {isa = PBXFileReference; lastKnownFileType = folder.assetcatalog; path = Assets.xcassets; sourceTree = "<group>"; };
/* End PBXFileReference section */

/* Begin PBXFrameworksBuildPhase section */
		48E633111B634862234D5C434C43AF78 /* Frameworks */ = {
			isa = PBXFrameworksBuildPhase;
			buildActionMask = 2147483647;
			files = (
			);
			runOnlyForDeploymentPostprocessing = 0;
		};
		5A905CE16E8403B8E5F26CA4CA220AB1 /* Frameworks */ = {
			isa = PBXFrameworksBuildPhase;
			buildActionMask = 2147483647;
			files = (
			);
			runOnlyForDeploymentPostprocessing = 0;
		};
		91F3C8D38394AB3BD1011719BA6C6C3F /* Frameworks */ = {
			isa = PBXFrameworksBuildPhase;
			buildActionMask = 2147483647;
			files = (
				AD8E74FF4F6B66BE0524D28AC8CF987F /* Pods_AutoLayoutSwiftExample.framework in Frameworks */,
				D6F1B1CA777300F58CA6E7D1E42BE0EE /* VFL.framework in Frameworks */,
			);
			runOnlyForDeploymentPostprocessing = 0;
		};
		9934390BF1AA45C85EE7CB8C778B4379 /* Frameworks */ = {
			isa = PBXFrameworksBuildPhase;
			buildActionMask = 2147483647;
			files = (
				0A1BAB613B0D46FBD969D9FDD6965898 /* libAutoLayoutVisualFormat.a in Frameworks */,
			);
			runOnlyForDeploymentPostprocessing = 0;
		};
		EC45EEDF2331E96ABBF4EC7D681F5090 /* Frameworks */ = {
			isa = PBXFrameworksBuildPhase;
			buildActionMask = 2147483647;
			files = (
				98C9F5EAB748CDB4B6007A1F0F7C6369 /* libAutoLayoutVisualFormat.a in Frameworks */,
				5CC2E2AB35AAC17330FE5D9FE7CE4C14 /* libPods-AutoLayoutVisualFormatExample.a in Frameworks */,
			);
			runOnlyForDeploymentPostprocessing = 0;
		};
		FAB936982E30069A07C31D3A8636151E /* Frameworks */ = {
			isa = PBXFrameworksBuildPhase;
			buildActionMask = 2147483647;
			files = (
				0D31440D6E4F92C5548E130A65D4E4B4 /* VFL.framework in Frameworks */,
			);
			runOnlyForDeploymentPostprocessing = 0;
		};
/* End PBXFrameworksBuildPhase section */

/* Begin PBXGroup section */
		2B1AF5C6F387080C5AF9461A86E3E2EE /* Views */ = {
			isa = PBXGroup;
			children = (
				87306A8F3DA4F166344C57D7DEB21739 /* BasicFlowLayoutExample.h */,
				42F423047E10067FECEC060F4881C929 /* BasicFlowLayoutExample.m */,
				D5D3D3E9425C5D47504205E874DBB55B /* IndividualViewExample.h */,
				30CD56E91156F922A7A0872C109FA697 /* IndividualViewExample.m */,
				F5FE72067D8C15B013D344E5CC731464 /* SwitchLayoutExample.h */,
				235EAE760FA76297474E10A226E8E3E1 /* SwitchLayoutExample.m */,
				B9DABD06F639EE7A012D6565FDA74511 /* SystemVisualLayoutExample.h */,
				BE74A6D13129616C260EAE7880E89A77 /* SystemVisualLayoutExample.m */,
			);
			path = Views;
			sourceTree = "<group>";
		};
		3A0879B2F3C5F6B8013527498DDA45C4 /* AutoLayoutVisualFormatExample */ = {
			isa = PBXGroup;
			children = (
				FE656F60026AFF466E01A5EEE548C4F1 /* Supporting Files */,
				2B1AF5C6F387080C5AF9461A86E3E2EE /* Views */,
				64530E46AB50F86221CA8FDB6A2B5142 /* AppDelegate.h */,
				B78728BF3FDB46010769AFD6BA0A114E /* AppDelegate.m */,
				F37180088E361FC6BA1175C95E9B139D /* DetailViewController.h */,
				77B6B55100DBCEFCDB04A504735D2E89 /* DetailViewController.m */,
				B60F50314D4D6C477D4DA5204432660D /* Images.xcassets */,
				A36E0A3ABFD0F25A59152E0DC2FC26C5 /* LaunchScreen.xib */,
				7173CA17AB9B86E5C78114697CBBD68A /* Main.storyboard */,
				E61B2FA8F7EE2FF224061292D969C2A5 /* MasterViewController.h */,
				05F308521A0A9EEEDB3641AA7769420B /* MasterViewController.m */,
			);
			path = AutoLayoutVisualFormatExample;
			sourceTree = "<group>";
		};
		49A7124336D064AD6030E3F89B23D994 /* Views */ = {
			isa = PBXGroup;
			children = (
				294868FBA17F2F981916047268E54CBD /* BasicFlowLayoutExample.swift */,
				5129D214A2E16EBB49A97172F5B7FBC5 /* IndividualViewExample.swift */,
				D10C4BD9C30B6ED2A841ED0348C550D1 /* SwitchLayoutExample.swift */,
				9750B4EB81D2AB613B9042593E9AE208 /* SystemVisualLayoutExample.swift */,
			);
			path = Views;
			sourceTree = "<group>";
		};
		521B70D8A1BC7E31A3BEB24C93FEE1F3 /* VFL */ = {
			isa = PBXGroup;
			children = (
				6A0F66B3E0200A49F4BC9007A741ECD8 /* Array+SWAutoLayout.swift */,
				994EEAD873A254D91E19F01312EBF984 /* Dict+SWAutoLayout.swift */,
				507699B0A3696D8F394BB884E2A7EE72 /* Info.plist */,
				CDB9EADB1B1B91BDE406BC1F4A08DC76 /* UIView+SWAutoLayout.swift */,
				064A7E2BA73DC3C0D6E12EC58BF17333 /* VFL.h */,
				7EE8C2B52AB974F5D21666BB08C9046C /* VFLInterpolation.swift */,
			);
			path = VFL;
			sourceTree = "<group>";
		};
		59B4018A1B34D93D63C0E2D6E2C058DD /* Frameworks */ = {
			isa = PBXGroup;
			children = (
				6114865FB35E540A0488101DE042AC05 /* Pods_AutoLayoutSwiftExample.framework */,
				8F0CF0F457A28D6D149EAC50A4582F91 /* libPods-AutoLayoutVisualFormatExample.a */,
			);
			name = Frameworks;
			sourceTree = "<group>";
		};
		7E7820453090895C30FE955DA2317B98 /* AutoLayoutSwiftExample */ = {
			isa = PBXGroup;
			children = (
				49A7124336D064AD6030E3F89B23D994 /* Views */,
				67E57609126A5E6CF9E923D4763C0210 /* AppDelegate.swift */,
				FE86ACF1E7FD1339CFD36236044EE17D /* Assets.xcassets */,
				96E35E1A4029720DC3553CBAEADC82E9 /* DetailViewController.swift */,
				A57478887280ABB105E654D47D77B338 /* Global.swift */,
				BC5A5E2E2CD65AC862514B14D7404E83 /* Info.plist */,
				6F04D4FF7BC4F9A4159B56D6658F5015 /* LaunchScreen.storyboard */,
				1B6044C9B92AE1A28C2EC9DF5B0900BA /* Main.storyboard */,
				1CC849063A4BE02D58D898F67145B1F1 /* MasterViewController.swift */,
			);
			path = AutoLayoutSwiftExample;
			sourceTree = "<group>";
		};
		B6C3C6221951040F8AD3B9FD34887294 /* Pods */ = {
			isa = PBXGroup;
			children = (
				A805F2F06D9C509DBDD2716585853DA7 /* Pods-AutoLayoutSwiftExample.debug.xcconfig */,
				B644BEE07BE6853448C6ABC0DDB8E56B /* Pods-AutoLayoutSwiftExample.release.xcconfig */,
				745190330095B302E81C9014A0E3CA39 /* Pods-AutoLayoutVisualFormatExample.debug.xcconfig */,
				731C867FA9CCF595DD033F2FCE77BE46 /* Pods-AutoLayoutVisualFormatExample.release.xcconfig */,
			);
			name = Pods;
			sourceTree = "<group>";
		};
		C319C5D2A899413C12135AAF920F1528 /* Tests */ = {
			isa = PBXGroup;
			children = (
				9378D981C6631D1012AE884E720C2828 /* Info.plist */,
				6CBBDA358F959DC07B7E98A2825C5698 /* Tests.m */,
			);
			path = Tests;
			sourceTree = "<group>";
		};
		D30E0F9EE56742D94FD1B4C492FFD704 = {
			isa = PBXGroup;
			children = (
				7E7820453090895C30FE955DA2317B98 /* AutoLayoutSwiftExample */,
				F7C9BB56E02AA1CBBD8D65C210D2F1AF /* AutoLayoutVisualFormat */,
				3A0879B2F3C5F6B8013527498DDA45C4 /* AutoLayoutVisualFormatExample */,
				59B4018A1B34D93D63C0E2D6E2C058DD /* Frameworks */,
				B6C3C6221951040F8AD3B9FD34887294 /* Pods */,
				E47980B851E4507B36FC14132F10F088 /* Products */,
				C319C5D2A899413C12135AAF920F1528 /* Tests */,
				521B70D8A1BC7E31A3BEB24C93FEE1F3 /* VFL */,
			);
			sourceTree = "<group>";
		};
		E47980B851E4507B36FC14132F10F088 /* Products */ = {
			isa = PBXGroup;
			children = (
				A74F2430B6D9F412AF946545907B584D /* AutoLayoutSwiftExample.app */,
				16D60E677EA0B700E4A8E3EC62A85CEB /* AutoLayoutVisualFormatExample.app */,
				DA9F43901BF63F78D8F807D191B1CD44 /* Tests.xctest */,
				68CC85B4C693A51C25DFCF0A9E9048A1 /* VFL.framework */,
				154197CD9A22757D3F4C089FCE16EE99 /* libAutoLayoutVisualFormat.a */,
			);
			name = Products;
			sourceTree = "<group>";
		};
		F7C9BB56E02AA1CBBD8D65C210D2F1AF /* AutoLayoutVisualFormat */ = {
			isa = PBXGroup;
			children = (
				72C4EAF5C39D0A6625B8EBEE6454ECD8 /* AutoLayoutFormatAnalyzer.h */,
				2C9F4D4CFFCB9E3482D019C2B3A9A751 /* AutoLayoutFormatAnalyzer.m */,
				8DBA807511C204A366267150D20EA9A6 /* AutoLayoutVisualFormatLib.h */,
				ED72A86213F279F422F4EDAF92A5666F /* AutoLayoutVisualFormatLib.m */,
				5A9104201AAE70C4BB3259E70357EAFB /* NSArray+SWAutoLayout.h */,
				5F95690950305ECAB5C6DC0E3A383296 /* NSArray+SWAutoLayout.m */,
				6D077912D43C973C13A613E0C520CFFB /* NSDictionary+SWAutoLayout.h */,
				A7020D9D258E6EBCC3982C6993032901 /* NSDictionary+SWAutoLayout.m */,
				62657A226BC8721127E0E75E9BCCA677 /* NSLayoutConstraint+SWAutoLayout.h */,
				A5396A9E7A2257F3439D53396CE96419 /* NSLayoutConstraint+SWAutoLayout.m */,
				C5D4D07598F60A650E5594532ECA910B /* UIView+SWAutoLayout.h */,
				1880D4B5130DB610278416FD127FB384 /* UIView+SWAutoLayout.m */,
			);
			path = AutoLayoutVisualFormat;
			sourceTree = "<group>";
		};
		FE656F60026AFF466E01A5EEE548C4F1 /* Supporting Files */ = {
			isa = PBXGroup;
			children = (
				07461DF761C04FC9D00DD67A265D9B09 /* Info.plist */,
				E1A6F7AB8976CABC1403DAA09A460257 /* example.pch */,
				49B21CDF95186C3B07260A363C05E233 /* main.m */,
			);
			name = "Supporting Files";
			sourceTree = "<group>";
		};
/* End PBXGroup section */

/* Begin PBXHeadersBuildPhase section */
		5CF9787A367C784014F6AF97C08CC7C3 /* Headers */ = {
			isa = PBXHeadersBuildPhase;
			buildActionMask = 2147483647;
			files = (
				1E4ED03B8AE6DC508A06B3F08A33D883 /* AutoLayoutFormatAnalyzer.h in Headers */,
				E49D530611707A873ED7BF64E8135C59 /* NSArray+SWAutoLayout.h in Headers */,
				F0D36D7736BE3F1F9D8C428ABBE22FF6 /* NSDictionary+SWAutoLayout.h in Headers */,
				50A06ACB0EC90FEC7D05FE06E80FF799 /* UIView+SWAutoLayout.h in Headers */,
				AF9755B9A506A77341BBB51004D64333 /* VFL.h in Headers */,
			);
			runOnlyForDeploymentPostprocessing = 0;
		};
		C89C00848A923700988CD96670D00643 /* Headers */ = {
			isa = PBXHeadersBuildPhase;
			buildActionMask = 2147483647;
			files = (
				54B4B5FB674757340680C872503C2C7B /* AutoLayoutFormatAnalyzer.h in Headers */,
				6954544BEF3347BD571EDF547EBABFE9 /* NSArray+SWAutoLayout.h in Headers */,
				F9002621072C45C28DC2CA8DC564C48E /* NSDictionary+SWAutoLayout.h in Headers */,
				3BB44904301288F115F0A1C53FF2B75A /* UIView+SWAutoLayout.h in Headers */,
				DD778D921DA041E1EEC6C3D60FD23141 /* VFL.h in Headers */,
			);
			runOnlyForDeploymentPostprocessing = 0;
		};
/* End PBXHeadersBuildPhase section */

/* Begin PBXNativeTarget section */
		069A91C64601485F25A240EF2FE44EC5 /* VFLStatic */ = {
			isa = PBXNativeTarget;
			buildConfigurationList = 7718787E667CBD2A7AD81B2E78933294 /* Build configuration list for PBXNativeTarget "VFLStatic" */;
			buildPhases = (
				A632BBCC02CD38D62B2C37C773CE54E7 /* Sources */,
				5A905CE16E8403B8E5F26CA4CA220AB1 /* Frameworks */,
				5CF9787A367C784014F6AF97C08CC7C3 /* Headers */,
				9C7D602D75F93DEF8E3DBE83015C62A9 /* Resources */,
			);
			buildRules = (
			);
			dependencies = (
			);
			name = VFLStatic;
			productName = VFL;
			productReference = 68CC85B4C693A51C25DFCF0A9E9048A1 /* VFL.framework */;
			productType = "com.apple.product-type.framework";
		};
		4070FD3418BA85844E4223ADEACF6432 /* Tests */ = {
			isa = PBXNativeTarget;
			buildConfigurationList = 8AB50BDE6C495253C3A43D53AEA90E2D /* Build configuration list for PBXNativeTarget "Tests" */;
			buildPhases = (
				F50371F0A709EC17B297269490399FF1 /* Sources */,
				FAB936982E30069A07C31D3A8636151E /* Frameworks */,
				1985DF70BD3DC2E868AF80761104C1F3 /* Resources */,
			);
			buildRules = (
			);
			dependencies = (
				77FA001B40A1646A5F89B53965506464 /* PBXTargetDependency */,
			);
			name = Tests;
			productName = Tests;
			productReference = DA9F43901BF63F78D8F807D191B1CD44 /* Tests.xctest */;
			productType = "com.apple.product-type.bundle.unit-test";
		};
		6F78827CBD757A320015FFA92D721CED /* AutoLayoutVisualFormat */ = {
			isa = PBXNativeTarget;
			buildConfigurationList = 516ACAABC9EF88989788CD373C82B0B4 /* Build configuration list for PBXNativeTarget "AutoLayoutVisualFormat" */;
			buildPhases = (
				009F3E350306A8672E5BB09BFB60DE5C /* Sources */,
				48E633111B634862234D5C434C43AF78 /* Frameworks */,
				C01AB6611BC3D34C8D73012B7FFC3D71 /* CopyFiles */,
			);
			buildRules = (
			);
			dependencies = (
			);
			name = AutoLayoutVisualFormat;
			productName = AutoLayoutVisualFormatLib;
			productReference = 154197CD9A22757D3F4C089FCE16EE99 /* libAutoLayoutVisualFormat.a */;
			productType = "com.apple.product-type.library.static";
		};
		AAF6FFA2E183EDD12EB476F96189B751 /* AutoLayoutSwiftExample */ = {
			isa = PBXNativeTarget;
			buildConfigurationList = 450EB47396E024336A6E45BA94A83FD6 /* Build configuration list for PBXNativeTarget "AutoLayoutSwiftExample" */;
			buildPhases = (
				CC1C858C9597279A523002181452915C /* [CP] Check Pods Manifest.lock */,
				D4E5315F59AFC6F180C5BB6E0B1A1B69 /* Sources */,
				91F3C8D38394AB3BD1011719BA6C6C3F /* Frameworks */,
				EF013E1EAB89BD6FD857B1995AA58371 /* Resources */,
				1DA103244EC8D6B819651CD259FEB103 /* Embed Frameworks */,
			);
			buildRules = (
			);
			dependencies = (
				ECE73DDF82FE869F874C6A73CF9B29DF /* PBXTargetDependency */,
			);
			name = AutoLayoutSwiftExample;
			productName = AutoLayoutSwiftExample;
			productReference = A74F2430B6D9F412AF946545907B584D /* AutoLayoutSwiftExample.app */;
			productType = "com.apple.product-type.application";
		};
		BA1D10773183B2476D01A1B4885BA3B0 /* AutoLayoutVisualFormatExample */ = {
			isa = PBXNativeTarget;
			buildConfigurationList = FDE947E8BBCF63E173E725838CC9D7BC /* Build configuration list for PBXNativeTarget "AutoLayoutVisualFormatExample" */;
			buildPhases = (
				BCA46B287EF596DCC620E72E4B968C08 /* [CP] Check Pods Manifest.lock */,
				88428C221BEF79AA81059D6E0D2B7ED8 /* Sources */,
				EC45EEDF2331E96ABBF4EC7D681F5090 /* Frameworks */,
				98E08AF32F8AA4DEDAC87551BCA3EA01 /* Resources */,
				D9935D7353A7DA8B515F3AC45E5B6972 /* Embed Frameworks */,
			);
			buildRules = (
			);
			dependencies = (
				676A4C04F5F43ED0F49F23A03602CE21 /* PBXTargetDependency */,
			);
			name = AutoLayoutVisualFormatExample;
			productName = AutoLayoutVisualFormat;
			productReference = 16D60E677EA0B700E4A8E3EC62A85CEB /* AutoLayoutVisualFormatExample.app */;
			productType = "com.apple.product-type.application";
		};
		FA8C81CD854ED7E2882728C709ADD0BA /* VFL */ = {
			isa = PBXNativeTarget;
			buildConfigurationList = 9A6D59E712A8C44E7694496532503702 /* Build configuration list for PBXNativeTarget "VFL" */;
			buildPhases = (
				E4D4C6A27C6A025E772C08ACD5B72866 /* Sources */,
				9934390BF1AA45C85EE7CB8C778B4379 /* Frameworks */,
				C89C00848A923700988CD96670D00643 /* Headers */,
				6BDCCD20244744F190C909F1FE84B2B0 /* Resources */,
			);
			buildRules = (
			);
			dependencies = (
				6D558C73D78C3D16DAE566F6F55C3AD8 /* PBXTargetDependency */,
			);
			name = VFL;
			productName = VFL;
			productReference = 68CC85B4C693A51C25DFCF0A9E9048A1 /* VFL.framework */;
			productType = "com.apple.product-type.framework";
		};
/* End PBXNativeTarget section */

/* Begin PBXProject section */
		D9500612B28DCB0385D241BE0C060EEC /* Project object */ = {
			isa = PBXProject;
			attributes = {
				KnownAssetTags = (
					New,
				);
				LastSwiftUpdateCheck = 0710;
				LastUpgradeCheck = 1020;
				ORGANIZATIONNAME = SW;
				TargetAttributes = {
					4070FD3418BA85844E4223ADEACF6432 = {
						CreatedOnToolsVersion = 7.2;
					};
					069A91C64601485F25A240EF2FE44EC5 = {
						LastSwiftMigration = 1020;
					};
					BA1D10773183B2476D01A1B4885BA3B0 = {
						CreatedOnToolsVersion = 6.4;
					};
					6F78827CBD757A320015FFA92D721CED = {
						CreatedOnToolsVersion = 6.4;
					};
					FA8C81CD854ED7E2882728C709ADD0BA = {
						CreatedOnToolsVersion = 7.1.1;
						LastSwiftMigration = 1010;
					};
					AAF6FFA2E183EDD12EB476F96189B751 = {
						CreatedOnToolsVersion = 7.0;
						LastSwiftMigration = 1020;
					};
				};
			};
			buildConfigurationList = 25F7E0332057AD37609B32721149EC26 /* Build configuration list for PBXProject "AutoLayoutVisualFormat" */;
			compatibilityVersion = "Xcode 3.2";
			developmentRegion = English;
			hasScannedForEncodings = 0;
			knownRegions = (
				English,
				en,
				Base,
			);
			mainGroup = D30E0F9EE56742D94FD1B4C492FFD704;
			productRefGroup = E47980B851E4507B36FC14132F10F088 /* Products */;
			projectDirPath = "";
			projectRoot = "";
			targets = (
				BA1D10773183B2476D01A1B4885BA3B0 /* AutoLayoutVisualFormatExample */,
				6F78827CBD757A320015FFA92D721CED /* AutoLayoutVisualFormat */,
				AAF6FFA2E183EDD12EB476F96189B751 /* AutoLayoutSwiftExample */,
				FA8C81CD854ED7E2882728C709ADD0BA /* VFL */,
				4070FD3418BA85844E4223ADEACF6432 /* Tests */,
				069A91C64601485F25A240EF2FE44EC5 /* VFLStatic */,
			);
		};
/* End PBXProject section */

/* Begin PBXResourcesBuildPhase section */
		1985DF70BD3DC2E868AF80761104C1F3 /* Resources */ = {
			isa = PBXResourcesBuildPhase;
			buildActionMask = 2147483647;
			files = (
			);
			runOnlyForDeploymentPostprocessing = 0;
		};
		6BDCCD20244744F190C909F1FE84B2B0 /* Resources */ = {
			isa = PBXResourcesBuildPhase;
			buildActionMask = 2147483647;
			files = (
			);
			runOnlyForDeploymentPostprocessing = 0;
		};
		98E08AF32F8AA4DEDAC87551BCA3EA01 /* Resources */ = {
			isa = PBXResourcesBuildPhase;
			buildActionMask = 2147483647;
			files = (
				78E304EF5F4314A6F14127E501F82F1B /* Images.xcassets in Resources */,
				255EAA55B65C4BDA6CAC0D01B222F1AF /* LaunchScreen.xib in Resources */,
				7919E1203F1B560F3054E844BBC31AA2 /* Main.storyboard in Resources */,
			);
			runOnlyForDeploymentPostprocessing = 0;
		};
		9C7D602D75F93DEF8E3DBE83015C62A9 /* Resources */ = {
			isa = PBXResourcesBuildPhase;
			buildActionMask = 2147483647;
			files = (
			);
			runOnlyForDeploymentPostprocessing = 0;
		};
		EF013E1EAB89BD6FD857B1995AA58371 /* Resources */ = {
			isa = PBXResourcesBuildPhase;
			buildActionMask = 2147483647;
			files = (
				FC1A6CC678D7CF05C6E1CB3CC90ED114 /* Assets.xcassets in Resources */,
				1B387A700619998BF7C2D6A0F497B172 /* LaunchScreen.storyboard in Resources */,
				3B4774EE43E4DF34C6264482A9C80E71 /* Main.storyboard in Resources */,
			);
			runOnlyForDeploymentPostprocessing = 0;
		};
/* End PBXResourcesBuildPhase section */

/* Begin PBXShellScriptBuildPhase section */
		BCA46B287EF596DCC620E72E4B968C08 /* [CP] Check Pods Manifest.lock */ = {
			isa = PBXShellScriptBuildPhase;
			buildActionMask = 2147483647;
			files = (
			);
			inputFileListPaths = (
			);
			inputPaths = (
				"${PODS_PODFILE_DIR_PATH}/Podfile.lock",
				"${PODS_ROOT}/Manifest.lock",
			);
			name = "[CP] Check Pods Manifest.lock";
			outputFileListPaths = (
			);
			outputPaths = (
				"$(DERIVED_FILE_DIR)/Pods-AutoLayoutVisualFormatExample-checkManifestLockResult.txt",
			);
			runOnlyForDeploymentPostprocessing = 0;
			shellPath = /bin/sh;
			shellScript = "diff \"${PODS_PODFILE_DIR_PATH}/Podfile.lock\" \"${PODS_ROOT}/Manifest.lock\" > /dev/null\nif [ $? != 0 ] ; then\n    # print error to STDERR\n    echo \"error: The sandbox is not in sync with the Podfile.lock. Run 'pod install' or update your CocoaPods installation.\" >&2\n    exit 1\nfi\n# This output is used by Xcode 'outputs' to avoid re-running this script phase.\necho \"SUCCESS\" > \"${SCRIPT_OUTPUT_FILE_0}\"\n";
			showEnvVarsInLog = 0;
		};
		CC1C858C9597279A523002181452915C /* [CP] Check Pods Manifest.lock */ = {
			isa = PBXShellScriptBuildPhase;
			buildActionMask = 2147483647;
			files = (
			);
			inputFileListPaths = (
			);
			inputPaths = (
				"${PODS_PODFILE_DIR_PATH}/Podfile.lock",
				"${PODS_ROOT}/Manifest.lock",
			);
			name = "[CP] Check Pods Manifest.lock";
			outputFileListPaths = (
			);
			outputPaths = (
				"$(DERIVED_FILE_DIR)/Pods-AutoLayoutSwiftExample-checkManifestLockResult.txt",
			);
			runOnlyForDeploymentPostprocessing = 0;
			shellPath = /bin/sh;
			shellScript = "diff \"${PODS_PODFILE_DIR_PATH}/Podfile.lock\" \"${PODS_ROOT}/Manifest.lock\" > /dev/null\nif [ $? != 0 ] ; then\n    # print error to STDERR\n    echo \"error: The sandbox is not in sync with the Podfile.lock. Run 'pod install' or update your CocoaPods installation.\" >&2\n    exit 1\nfi\n# This output is used by Xcode 'outputs' to avoid re-running this script phase.\necho \"SUCCESS\" > \"${SCRIPT_OUTPUT_FILE_0}\"\n";
			showEnvVarsInLog = 0;
		};
/* End PBXShellScriptBuildPhase section */

/* Begin PBXSourcesBuildPhase section */
		009F3E350306A8672E5BB09BFB60DE5C /* Sources */ = {
			isa = PBXSourcesBuildPhase;
			buildActionMask = 2147483647;
			files = (
				ADFD80C12B3101BE4DE779C2B486B847 /* AutoLayoutFormatAnalyzer.m in Sources */,
				88448C2F9570F344D96A429B52862404 /* AutoLayoutVisualFormatLib.m in Sources */,
				2305BFCF86412F3BF4DBD48EE4F5A23A /* NSArray+SWAutoLayout.m in Sources */,
				D12E298464CD90239308FE9BB1B0C797 /* NSDictionary+SWAutoLayout.m in Sources */,
				744C3C611886068D1B14F4C10935E174 /* NSLayoutConstraint+SWAutoLayout.m in Sources */,
				3EB24B4133DACE567AB45E22AC119387 /* UIView+SWAutoLayout.m in Sources */,
			);
			runOnlyForDeploymentPostprocessing = 0;
		};
		88428C221BEF79AA81059D6E0D2B7ED8 /* Sources */ = {
			isa = PBXSourcesBuildPhase;
			buildActionMask = 2147483647;
			files = (
				51912C2347B18B1C5A11BE328E8FE5B4 /* AppDelegate.m in Sources */,
				F34D4C49A53E39D895196BB77D8ACF49 /* BasicFlowLayoutExample.m in Sources */,
				D4CB73249CE93ECF7262A59A4CE2FDB6 /* DetailViewController.m in Sources */,
				63236A31656BA8BFE9E81006E481F9F3 /* IndividualViewExample.m in Sources */,
				469163A5CB50D9E2CF44E2CA0FC1845E /* MasterViewController.m in Sources */,
				B5944D9064B8E94EDC7B808B13A0B76F /* SwitchLayoutExample.m in Sources */,
				6B03B9AB552B030082F42BD63D4858D2 /* SystemVisualLayoutExample.m in Sources */,
				306A906DFA6781BC16CB8F8885E060CC /* main.m in Sources */,
			);
			runOnlyForDeploymentPostprocessing = 0;
		};
		A632BBCC02CD38D62B2C37C773CE54E7 /* Sources */ = {
			isa = PBXSourcesBuildPhase;
			buildActionMask = 2147483647;
			files = (
				80E88D90C59244A1EB8591A295D44632 /* Array+SWAutoLayout.swift in Sources */,
				B6A4CEEC0543294624A9D81281F3E6A9 /* AutoLayoutFormatAnalyzer.m in Sources */,
				E0DF063E099FFEE970D28150BD4C5DB2 /* AutoLayoutVisualFormatLib.m in Sources */,
				105BDCB23C69D6AE2B0D590E372A46F3 /* Dict+SWAutoLayout.swift in Sources */,
				8E490223014B06C33E5D3A2996E7ABF1 /* NSArray+SWAutoLayout.m in Sources */,
				244521E76AFCF09689303B6410E6E32E /* NSDictionary+SWAutoLayout.m in Sources */,
				DC522B13EFB26ED92AE38C822C639572 /* NSLayoutConstraint+SWAutoLayout.m in Sources */,
				7FFB08018A819C787B722FBDCA930654 /* UIView+SWAutoLayout.m in Sources */,
				184901A5D85E0D9FDD3B7BB72DCA819E /* UIView+SWAutoLayout.swift in Sources */,
				879507029182F1090E2B412375C54A1A /* VFLInterpolation.swift in Sources */,
			);
			runOnlyForDeploymentPostprocessing = 0;
		};
		D4E5315F59AFC6F180C5BB6E0B1A1B69 /* Sources */ = {
			isa = PBXSourcesBuildPhase;
			buildActionMask = 2147483647;
			files = (
				EC2C88D94B0ECF6B8B8D380856F4ED85 /* AppDelegate.swift in Sources */,
				F02BF8783475250CF8F38909EF0E375C /* BasicFlowLayoutExample.swift in Sources */,
				06FBB1EC6ADA4BF0D92405012CE1F7B0 /* DetailViewController.swift in Sources */,
				1307B9C2310F8F9F7F6436EF42A4FCB1 /* Global.swift in Sources */,
				2331C89AF5DF3BD19F9CEC3A3BC74CC3 /* IndividualViewExample.swift in Sources */,
				F8595C4B5875F06F6BFBE922AB171E5F /* MasterViewController.swift in Sources */,
				04546CFF00F31AACB11C102DF11646BD /* SwitchLayoutExample.swift in Sources */,
				5531F0C01EA0561F1538D5FAAEAB2EA0 /* SystemVisualLayoutExample.swift in Sources */,
			);
			runOnlyForDeploymentPostprocessing = 0;
		};
		E4D4C6A27C6A025E772C08ACD5B72866 /* Sources */ = {
			isa = PBXSourcesBuildPhase;
			buildActionMask = 2147483647;
			files = (
				8D6F2260C2F0FC4FE0F698F182723A31 /* Array+SWAutoLayout.swift in Sources */,
				50F93F989BAF859795A495B2D117682F /* Dict+SWAutoLayout.swift in Sources */,
				B9201ADCBFB631D57D87674FAABEBA02 /* UIView+SWAutoLayout.swift in Sources */,
				9D701B5905A327A65538D64DCCCBC7A2 /* VFLInterpolation.swift in Sources */,
			);
			runOnlyForDeploymentPostprocessing = 0;
		};
		F50371F0A709EC17B297269490399FF1 /* Sources */ = {
			isa = PBXSourcesBuildPhase;
			buildActionMask = 2147483647;
			files = (
				EEDFFF197797B4A0902F0331C29B9B40 /* Tests.m in Sources */,
			);
			runOnlyForDeploymentPostprocessing = 0;
		};
/* End PBXSourcesBuildPhase section */

/* Begin PBXTargetDependency section */
		676A4C04F5F43ED0F49F23A03602CE21 /* PBXTargetDependency */ = {
			isa = PBXTargetDependency;
			target = 6F78827CBD757A320015FFA92D721CED /* AutoLayoutVisualFormat */;
			targetProxy = FD547295E87BA3E373D4E65266C6A468 /* PBXContainerItemProxy */;
		};
		6D558C73D78C3D16DAE566F6F55C3AD8 /* PBXTargetDependency */ = {
			isa = PBXTargetDependency;
			target = 6F78827CBD757A320015FFA92D721CED /* AutoLayoutVisualFormat */;
			targetProxy = D7A8C33B05E3E61525C4EBB0ACF3EC2A /* PBXContainerItemProxy */;
		};
		77FA001B40A1646A5F89B53965506464 /* PBXTargetDependency */ = {
			isa = PBXTargetDependency;
			target = 069A91C64601485F25A240EF2FE44EC5 /* VFLStatic */;
			targetProxy = 2C400FBFEAAD8690EC20B0536FE936B9 /* PBXContainerItemProxy */;
		};
		ECE73DDF82FE869F874C6A73CF9B29DF /* PBXTargetDependency */ = {
			isa = PBXTargetDependency;
			target = 069A91C64601485F25A240EF2FE44EC5 /* VFLStatic */;
			targetProxy = 1367B8709427B2FD647DF735C38EE17E /* PBXContainerItemProxy */;
		};
/* End PBXTargetDependency section */

/* Begin PBXVariantGroup section */
		1B6044C9B92AE1A28C2EC9DF5B0900BA /* Main.storyboard */ = {
			isa = PBXVariantGroup;
			children = (
				7170AC5905BD6992DB5EAFCB65CA2400 /* Base */,
			);
			name = Main.storyboard;
			sourceTree = "<group>";
		};
		6F04D4FF7BC4F9A4159B56D6658F5015 /* LaunchScreen.storyboard */ = {
			isa = PBXVariantGroup;
			children = (
				1E885D6E77CDC2024E714857227F1575 /* Base */,
			);
			name = LaunchScreen.storyboard;
			sourceTree = "<group>";
		};
		7173CA17AB9B86E5C78114697CBBD68A /* Main.storyboard */ = {
			isa = PBXVariantGroup;
			children = (
				DF809F1031B761A08379401602E3F1CA /* Base */,
			);
			name = Main.storyboard;
			sourceTree = "<group>";
		};
		A36E0A3ABFD0F25A59152E0DC2FC26C5 /* LaunchScreen.xib */ = {
			isa = PBXVariantGroup;
			children = (
				CFCE6B0E042F219BD39EC570FED4FDF2 /* Base */,
			);
			name = LaunchScreen.xib;
			sourceTree = "<group>";
		};
/* End PBXVariantGroup section */

/* Begin XCBuildConfiguration section */
		07F60BEF47FD93DCBC31492C19878D76 /* Debug */ = {
			isa = XCBuildConfiguration;
			buildSettings = {
				ALWAYS_EMBED_SWIFT_STANDARD_LIBRARIES = YES;
				ENABLE_TESTABILITY = YES;
				INFOPLIST_FILE = Tests/Info.plist;
				LD_RUNPATH_SEARCH_PATHS = "$(inherited) @executable_path/Frameworks @loader_path/Frameworks";
				OTHER_LDFLAGS = "-ObjC";
				PRODUCT_BUNDLE_IDENTIFIER = SW.Tests;
				PRODUCT_NAME = "$(TARGET_NAME)";
			};
			name = Debug;
		};
		11ED1ADF117630143889653A6346959F /* Debug */ = {
			isa = XCBuildConfiguration;
			buildSettings = {
				CLANG_ENABLE_MODULES = YES;
				CODE_SIGN_IDENTITY = "";
				CURRENT_PROJECT_VERSION = 1;
				DEFINES_MODULE = YES;
				DYLIB_COMPATIBILITY_VERSION = 1;
				DYLIB_CURRENT_VERSION = 1;
				DYLIB_INSTALL_NAME_BASE = "@rpath";
				ENABLE_TESTABILITY = YES;
				INFOPLIST_FILE = VFL/Info.plist;
				INSTALL_PATH = "$(LOCAL_LIBRARY_DIR)/Frameworks";
				LD_RUNPATH_SEARCH_PATHS = "$(inherited) @executable_path/Frameworks @loader_path/Frameworks";
				MACH_O_TYPE = staticlib;
				OTHER_LDFLAGS = "-ObjC";
				PRODUCT_BUNDLE_IDENTIFIER = SW.VFL;
				PRODUCT_MODULE_NAME = VFL;
				PRODUCT_NAME = VFL;
				SKIP_INSTALL = YES;
				VERSIONING_SYSTEM = "apple-generic";
				VERSION_INFO_PREFIX = "";
			};
			name = Debug;
		};
		14382F38F747F8C6503D1C185C12851E /* Release */ = {
			isa = XCBuildConfiguration;
			buildSettings = {
				CLANG_ENABLE_MODULES = YES;
				CODE_SIGN_IDENTITY = "";
				CURRENT_PROJECT_VERSION = 1;
				DEFINES_MODULE = YES;
				DYLIB_COMPATIBILITY_VERSION = 1;
				DYLIB_CURRENT_VERSION = 1;
				DYLIB_INSTALL_NAME_BASE = "@rpath";
				INFOPLIST_FILE = VFL/Info.plist;
				INSTALL_PATH = "$(LOCAL_LIBRARY_DIR)/Frameworks";
				LD_RUNPATH_SEARCH_PATHS = "$(inherited) @executable_path/Frameworks @loader_path/Frameworks";
				OTHER_LDFLAGS = "-ObjC";
				PRODUCT_BUNDLE_IDENTIFIER = SW.VFL;
				PRODUCT_NAME = VFL;
				SKIP_INSTALL = YES;
				VERSIONING_SYSTEM = "apple-generic";
				VERSION_INFO_PREFIX = "";
			};
			name = Release;
		};
		16A2922ECB13EB658451B3F2DAD79EA7 /* Release */ = {
			isa = XCBuildConfiguration;
			buildSettings = {
				ALWAYS_EMBED_SWIFT_STANDARD_LIBRARIES = YES;
				INFOPLIST_FILE = Tests/Info.plist;
				LD_RUNPATH_SEARCH_PATHS = "$(inherited) @executable_path/Frameworks @loader_path/Frameworks";
				OTHER_LDFLAGS = "-ObjC";
				PRODUCT_BUNDLE_IDENTIFIER = SW.Tests;
				PRODUCT_NAME = "$(TARGET_NAME)";
			};
			name = Release;
		};
		37771113D547F6AB625686F8708BF1DF /* Debug */ = {
			isa = XCBuildConfiguration;
			buildSettings = {
				ALWAYS_SEARCH_USER_PATHS = NO;
				CLANG_CXX_LANGUAGE_STANDARD = "gnu++0x";
				CLANG_CXX_LIBRARY = "libc++";
				CLANG_ENABLE_MODULES = YES;
				CLANG_ENABLE_OBJC_ARC = YES;
				CLANG_WARN_BLOCK_CAPTURE_AUTORELEASING = YES;
				CLANG_WARN_BOOL_CONVERSION = YES;
				CLANG_WARN_COMMA = YES;
				CLANG_WARN_CONSTANT_CONVERSION = YES;
				CLANG_WARN_DEPRECATED_OBJC_IMPLEMENTATIONS = YES;
				CLANG_WARN_DIRECT_OBJC_ISA_USAGE = YES_ERROR;
				CLANG_WARN_EMPTY_BODY = YES;
				CLANG_WARN_ENUM_CONVERSION = YES;
				CLANG_WARN_INFINITE_RECURSION = YES;
				CLANG_WARN_INT_CONVERSION = YES;
				CLANG_WARN_NON_LITERAL_NULL_CONVERSION = YES;
				CLANG_WARN_OBJC_IMPLICIT_RETAIN_SELF = YES;
				CLANG_WARN_OBJC_LITERAL_CONVERSION = YES;
				CLANG_WARN_OBJC_ROOT_CLASS = YES_ERROR;
				CLANG_WARN_RANGE_LOOP_ANALYSIS = YES;
				CLANG_WARN_STRICT_PROTOTYPES = YES;
				CLANG_WARN_SUSPICIOUS_MOVE = YES;
				CLANG_WARN_UNREACHABLE_CODE = YES;
				CLANG_WARN__DUPLICATE_METHOD_MATCH = YES;
				"CODE_SIGN_IDENTITY[sdk=iphoneos*]" = "iPhone Developer";
				COPY_PHASE_STRIP = NO;
				DEBUG_INFORMATION_FORMAT = dwarf;
				ENABLE_STRICT_OBJC_MSGSEND = YES;
				ENABLE_TESTABILITY = YES;
				GCC_C_LANGUAGE_STANDARD = gnu99;
				GCC_DYNAMIC_NO_PIC = NO;
				GCC_NO_COMMON_BLOCKS = YES;
				GCC_OPTIMIZATION_LEVEL = 0;
				GCC_PREPROCESSOR_DEFINITIONS = (
					"DEBUG=1",
					"$(inherited)",
				);
				GCC_SYMBOLS_PRIVATE_EXTERN = NO;
				GCC_WARN_64_TO_32_BIT_CONVERSION = YES;
				GCC_WARN_ABOUT_RETURN_TYPE = YES_ERROR;
				GCC_WARN_UNDECLARED_SELECTOR = YES;
				GCC_WARN_UNINITIALIZED_AUTOS = YES_AGGRESSIVE;
				GCC_WARN_UNUSED_FUNCTION = YES;
				GCC_WARN_UNUSED_VARIABLE = YES;
				IPHONEOS_DEPLOYMENT_TARGET = 8.0;
				MTL_ENABLE_DEBUG_INFO = YES;
				ONLY_ACTIVE_ARCH = YES;
				SDKROOT = iphoneos;
				SWIFT_VERSION = 5.0;
				TARGETED_DEVICE_FAMILY = "1,2";
			};
			name = Debug;
		};
		39FE7E954F8BA2C0AAAA2EFAF2BDE4D0 /* Release */ = {
			isa = XCBuildConfiguration;
			buildSettings = {
				OTHER_LDFLAGS = "-ObjC";
				PRODUCT_NAME = "$(TARGET_NAME)";
				SKIP_INSTALL = YES;
			};
			name = Release;
		};
		450758E5F8C83C2CE9D57E1DF49746EB /* Release */ = {
			isa = XCBuildConfiguration;
			baseConfigurationReference = B644BEE07BE6853448C6ABC0DDB8E56B /* Pods-AutoLayoutSwiftExample.release.xcconfig */;
			buildSettings = {
				ALWAYS_EMBED_SWIFT_STANDARD_LIBRARIES = YES;
				ASSETCATALOG_COMPILER_APPICON_NAME = AppIcon;
				CLANG_ENABLE_MODULES = YES;
				INFOPLIST_FILE = AutoLayoutSwiftExample/Info.plist;
				LD_RUNPATH_SEARCH_PATHS = "$(inherited) @executable_path/Frameworks";
				OTHER_LDFLAGS = "-ObjC";
				PRODUCT_BUNDLE_IDENTIFIER = SW.AutoLayoutSwiftExample;
				PRODUCT_NAME = "$(TARGET_NAME)";
				SWIFT_VERSION = 5.0;
			};
			name = Release;
		};
		63FFC991480CBBF9E600291E75F00259 /* Debug */ = {
			isa = XCBuildConfiguration;
			buildSettings = {
				GCC_PREPROCESSOR_DEFINITIONS = (
					"DEBUG=1",
					"$(inherited)",
				);
				OTHER_LDFLAGS = "-ObjC";
				PRODUCT_NAME = "$(TARGET_NAME)";
				SKIP_INSTALL = YES;
			};
			name = Debug;
		};
		67DA5DB53474D59A4BEB0320C79DB4CB /* Debug */ = {
			isa = XCBuildConfiguration;
			buildSettings = {
				CLANG_ENABLE_MODULES = YES;
				CODE_SIGN_IDENTITY = "";
				CURRENT_PROJECT_VERSION = 1;
				DEFINES_MODULE = YES;
				DYLIB_COMPATIBILITY_VERSION = 1;
				DYLIB_CURRENT_VERSION = 1;
				DYLIB_INSTALL_NAME_BASE = "@rpath";
				ENABLE_TESTABILITY = YES;
				INFOPLIST_FILE = VFL/Info.plist;
				INSTALL_PATH = "$(LOCAL_LIBRARY_DIR)/Frameworks";
				LD_RUNPATH_SEARCH_PATHS = "$(inherited) @executable_path/Frameworks @loader_path/Frameworks";
				OTHER_LDFLAGS = "-ObjC";
				PRODUCT_BUNDLE_IDENTIFIER = SW.VFL;
				PRODUCT_NAME = VFL;
				SKIP_INSTALL = YES;
				VERSIONING_SYSTEM = "apple-generic";
				VERSION_INFO_PREFIX = "";
			};
			name = Debug;
		};
		9381266E4CDEE80109772A1F30E446B1 /* Debug */ = {
			isa = XCBuildConfiguration;
			baseConfigurationReference = 745190330095B302E81C9014A0E3CA39 /* Pods-AutoLayoutVisualFormatExample.debug.xcconfig */;
			buildSettings = {
				ASSETCATALOG_COMPILER_APPICON_NAME = AppIcon;
				GCC_PRECOMPILE_PREFIX_HEADER = YES;
				GCC_PREFIX_HEADER = $PROJECT_DIR/AutoLayoutVisualFormatExample/example.pch;
				INFOPLIST_FILE = "$(SRCROOT)/AutoLayoutVisualFormatExample/Info.plist";
				LD_RUNPATH_SEARCH_PATHS = "$(inherited) @executable_path/Frameworks";
				PRODUCT_BUNDLE_IDENTIFIER = "SW.$(PRODUCT_NAME:rfc1034identifier)";
				PRODUCT_NAME = "$(TARGET_NAME)";
			};
			name = Debug;
		};
		CCA35E3CC2E7F403BA4F33130E0F5BF1 /* Release */ = {
			isa = XCBuildConfiguration;
			buildSettings = {
				ALWAYS_SEARCH_USER_PATHS = NO;
				CLANG_CXX_LANGUAGE_STANDARD = "gnu++0x";
				CLANG_CXX_LIBRARY = "libc++";
				CLANG_ENABLE_MODULES = YES;
				CLANG_ENABLE_OBJC_ARC = YES;
				CLANG_WARN_BLOCK_CAPTURE_AUTORELEASING = YES;
				CLANG_WARN_BOOL_CONVERSION = YES;
				CLANG_WARN_COMMA = YES;
				CLANG_WARN_CONSTANT_CONVERSION = YES;
				CLANG_WARN_DEPRECATED_OBJC_IMPLEMENTATIONS = YES;
				CLANG_WARN_DIRECT_OBJC_ISA_USAGE = YES_ERROR;
				CLANG_WARN_EMPTY_BODY = YES;
				CLANG_WARN_ENUM_CONVERSION = YES;
				CLANG_WARN_INFINITE_RECURSION = YES;
				CLANG_WARN_INT_CONVERSION = YES;
				CLANG_WARN_NON_LITERAL_NULL_CONVERSION = YES;
				CLANG_WARN_OBJC_IMPLICIT_RETAIN_SELF = YES;
				CLANG_WARN_OBJC_LITERAL_CONVERSION = YES;
				CLANG_WARN_OBJC_ROOT_CLASS = YES_ERROR;
				CLANG_WARN_RANGE_LOOP_ANALYSIS = YES;
				CLANG_WARN_STRICT_PROTOTYPES = YES;
				CLANG_WARN_SUSPICIOUS_MOVE = YES;
				CLANG_WARN_UNREACHABLE_CODE = YES;
				CLANG_WARN__DUPLICATE_METHOD_MATCH = YES;
				"CODE_SIGN_IDENTITY[sdk=iphoneos*]" = "iPhone Developer";
				COPY_PHASE_STRIP = NO;
				DEBUG_INFORMATION_FORMAT = "dwarf-with-dsym";
				ENABLE_NS_ASSERTIONS = NO;
				ENABLE_STRICT_OBJC_MSGSEND = YES;
				GCC_C_LANGUAGE_STANDARD = gnu99;
				GCC_NO_COMMON_BLOCKS = YES;
				GCC_WARN_64_TO_32_BIT_CONVERSION = YES;
				GCC_WARN_ABOUT_RETURN_TYPE = YES_ERROR;
				GCC_WARN_UNDECLARED_SELECTOR = YES;
				GCC_WARN_UNINITIALIZED_AUTOS = YES_AGGRESSIVE;
				GCC_WARN_UNUSED_FUNCTION = YES;
				GCC_WARN_UNUSED_VARIABLE = YES;
				IPHONEOS_DEPLOYMENT_TARGET = 8.0;
				MTL_ENABLE_DEBUG_INFO = NO;
				SDKROOT = iphoneos;
				SWIFT_OPTIMIZATION_LEVEL = "-Owholemodule";
				SWIFT_VERSION = 5.0;
				TARGETED_DEVICE_FAMILY = "1,2";
				VALIDATE_PRODUCT = YES;
			};
			name = Release;
		};
		D5C72C32359CFF661BB757FDEDDD375B /* Debug */ = {
			isa = XCBuildConfiguration;
			baseConfigurationReference = A805F2F06D9C509DBDD2716585853DA7 /* Pods-AutoLayoutSwiftExample.debug.xcconfig */;
			buildSettings = {
				ALWAYS_EMBED_SWIFT_STANDARD_LIBRARIES = YES;
				ASSETCATALOG_COMPILER_APPICON_NAME = AppIcon;
				CLANG_ENABLE_MODULES = YES;
				ENABLE_TESTABILITY = YES;
				INFOPLIST_FILE = AutoLayoutSwiftExample/Info.plist;
				LD_RUNPATH_SEARCH_PATHS = "$(inherited) @executable_path/Frameworks";
				OTHER_LDFLAGS = "-ObjC";
				PRODUCT_BUNDLE_IDENTIFIER = SW.AutoLayoutSwiftExample;
				PRODUCT_NAME = "$(TARGET_NAME)";
				SWIFT_OPTIMIZATION_LEVEL = "-Onone";
				SWIFT_VERSION = 5.0;
			};
			name = Debug;
		};
		DBDD058242A7C48B6DC05791B46B8BA5 /* Release */ = {
			isa = XCBuildConfiguration;
			buildSettings = {
				CLANG_ENABLE_MODULES = YES;
				CODE_SIGN_IDENTITY = "";
				CURRENT_PROJECT_VERSION = 1;
				DEFINES_MODULE = YES;
				DYLIB_COMPATIBILITY_VERSION = 1;
				DYLIB_CURRENT_VERSION = 1;
				DYLIB_INSTALL_NAME_BASE = "@rpath";
				INFOPLIST_FILE = VFL/Info.plist;
				INSTALL_PATH = "$(LOCAL_LIBRARY_DIR)/Frameworks";
				LD_RUNPATH_SEARCH_PATHS = "$(inherited) @executable_path/Frameworks @loader_path/Frameworks";
				MACH_O_TYPE = staticlib;
				OTHER_LDFLAGS = "-ObjC";
				PRODUCT_BUNDLE_IDENTIFIER = SW.VFL;
				PRODUCT_MODULE_NAME = VFL;
				PRODUCT_NAME = VFL;
				SKIP_INSTALL = YES;
				VERSIONING_SYSTEM = "apple-generic";
				VERSION_INFO_PREFIX = "";
			};
			name = Release;
		};
		DD4C02165C344274888CD0AFF4C0E728 /* Release */ = {
			isa = XCBuildConfiguration;
			baseConfigurationReference = 731C867FA9CCF595DD033F2FCE77BE46 /* Pods-AutoLayoutVisualFormatExample.release.xcconfig */;
			buildSettings = {
				ASSETCATALOG_COMPILER_APPICON_NAME = AppIcon;
				GCC_PRECOMPILE_PREFIX_HEADER = YES;
				GCC_PREFIX_HEADER = $PROJECT_DIR/AutoLayoutVisualFormatExample/example.pch;
				INFOPLIST_FILE = "$(SRCROOT)/AutoLayoutVisualFormatExample/Info.plist";
				LD_RUNPATH_SEARCH_PATHS = "$(inherited) @executable_path/Frameworks";
				PRODUCT_BUNDLE_IDENTIFIER = "SW.$(PRODUCT_NAME:rfc1034identifier)";
				PRODUCT_NAME = "$(TARGET_NAME)";
			};
			name = Release;
		};
/* End XCBuildConfiguration section */

/* Begin XCConfigurationList section */
		25F7E0332057AD37609B32721149EC26 /* Build configuration list for PBXProject "AutoLayoutVisualFormat" */ = {
			isa = XCConfigurationList;
			buildConfigurations = (
				37771113D547F6AB625686F8708BF1DF /* Debug */,
				CCA35E3CC2E7F403BA4F33130E0F5BF1 /* Release */,
			);
			defaultConfigurationIsVisible = 0;
			defaultConfigurationName = Release;
		};
		450EB47396E024336A6E45BA94A83FD6 /* Build configuration list for PBXNativeTarget "AutoLayoutSwiftExample" */ = {
			isa = XCConfigurationList;
			buildConfigurations = (
				D5C72C32359CFF661BB757FDEDDD375B /* Debug */,
				450758E5F8C83C2CE9D57E1DF49746EB /* Release */,
			);
			defaultConfigurationIsVisible = 0;
			defaultConfigurationName = Release;
		};
		516ACAABC9EF88989788CD373C82B0B4 /* Build configuration list for PBXNativeTarget "AutoLayoutVisualFormat" */ = {
			isa = XCConfigurationList;
			buildConfigurations = (
				63FFC991480CBBF9E600291E75F00259 /* Debug */,
				39FE7E954F8BA2C0AAAA2EFAF2BDE4D0 /* Release */,
			);
			defaultConfigurationIsVisible = 0;
			defaultConfigurationName = Release;
		};
		7718787E667CBD2A7AD81B2E78933294 /* Build configuration list for PBXNativeTarget "VFLStatic" */ = {
			isa = XCConfigurationList;
			buildConfigurations = (
				11ED1ADF117630143889653A6346959F /* Debug */,
				DBDD058242A7C48B6DC05791B46B8BA5 /* Release */,
			);
			defaultConfigurationIsVisible = 0;
			defaultConfigurationName = Release;
		};
		8AB50BDE6C495253C3A43D53AEA90E2D /* Build configuration list for PBXNativeTarget "Tests" */ = {
			isa = XCConfigurationList;
			buildConfigurations = (
				07F60BEF47FD93DCBC31492C19878D76 /* Debug */,
				16A2922ECB13EB658451B3F2DAD79EA7 /* Release */,
			);
			defaultConfigurationIsVisible = 0;
			defaultConfigurationName = Release;
		};
		9A6D59E712A8C44E7694496532503702 /* Build configuration list for PBXNativeTarget "VFL" */ = {
			isa = XCConfigurationList;
			buildConfigurations = (
				67DA5DB53474D59A4BEB0320C79DB4CB /* Debug */,
				14382F38F747F8C6503D1C185C12851E /* Release */,
			);
			defaultConfigurationIsVisible = 0;
			defaultConfigurationName = Release;
		};
		FDE947E8BBCF63E173E725838CC9D7BC /* Build configuration list for PBXNativeTarget "AutoLayoutVisualFormatExample" */ = {
			isa = XCConfigurationList;
			buildConfigurations = (
				9381266E4CDEE80109772A1F30E446B1 /* Debug */,
				DD4C02165C344274888CD0AFF4C0E728 /* Release */,
			);
			defaultConfigurationIsVisible = 0;
			defaultConfigurationName = Release;
		};
/* End XCConfigurationList section */
	};
	rootObject = D9500612B28DCB0385D241BE0C060EEC /* Project object */;
}
